
Microsoft Visual Studio Solution File, Format Version 12.00
# Visual Studio Version 17
VisualStudioVersion = 17.0.31825.309
MinimumVisualStudioVersion = 10.0.40219.1
Project("{9A19103F-16F7-4668-BE54-9A1E7A4F7556}") = "Assimalign.Extensions.Primitives", "Assimalign.Extensions.Primitives\Assimalign.Extensions.Primitives.csproj", "{37C6F92C-6DFB-4E38-8289-6A9A13051287}"
EndProject
Project("{2150E333-8FDC-42A3-9474-1A3956D46DE8}") = "libraries", "libraries", "{032D3ABD-068C-4167-BA3D-BEC95C5F0DA8}"
EndProject
Project("{2150E333-8FDC-42A3-9474-1A3956D46DE8}") = "items", "items", "{6C2E2144-52F0-4E4C-A9FF-7CA153298CBD}"
	ProjectSection(SolutionItems) = preProject
		Directory.Build.props = Directory.Build.props
	EndProjectSection
EndProject
Project("{9A19103F-16F7-4668-BE54-9A1E7A4F7556}") = "Assimalign.Extensions.Hosting", "Assimalign.Extensions.Hosting\Assimalign.Extensions.Hosting.csproj", "{821907A9-121E-4687-8F98-9B2BCE004DDC}"
EndProject
Project("{9A19103F-16F7-4668-BE54-9A1E7A4F7556}") = "Assimalign.Extensions.Configuration", "Assimalign.Extensions.Configuration\Assimalign.Extensions.Configuration.csproj", "{19C51F8D-ADBA-4BC6-9A22-A3BD144380DA}"
EndProject
Project("{9A19103F-16F7-4668-BE54-9A1E7A4F7556}") = "Assimalign.Extensions.DependencyInjection", "Assimalign.Extensions.DependencyInjection\Assimalign.Extensions.DependencyInjection.csproj", "{B91057B3-24DE-4FEC-9A13-0FE753FBF320}"
EndProject
Project("{9A19103F-16F7-4668-BE54-9A1E7A4F7556}") = "Assimalign.Extensions.FileProviders", "Assimalign.Extensions.FileProviders\Assimalign.Extensions.FileProviders.csproj", "{CABAC296-B99D-4F9F-831F-62F89465FD40}"
EndProject
Project("{9A19103F-16F7-4668-BE54-9A1E7A4F7556}") = "Assimalign.Extensions.Logging", "Assimalign.Extensions.Logging\Assimalign.Extensions.Logging.csproj", "{0863BDB7-1728-4962-82F2-816A46B1F676}"
EndProject
Project("{9A19103F-16F7-4668-BE54-9A1E7A4F7556}") = "Assimalign.Extensions.Options", "Assimalign.Extensions.Options\Assimalign.Extensions.Options.csproj", "{1EEFB8A8-4AF4-47BA-BD6E-4240F9DB55A7}"
EndProject
Project("{9A19103F-16F7-4668-BE54-9A1E7A4F7556}") = "Assimalign.Extensions.FileSystemGlobbing", "Assimalign.Extensions.FileSystemGlobbing\Assimalign.Extensions.FileSystemGlobbing.csproj", "{65BD0269-5CFB-4DEC-9B7B-C24ADD582262}"
EndProject
Project("{2150E333-8FDC-42A3-9474-1A3956D46DE8}") = "tests", "tests", "{A833112E-3BFE-4F5F-AFF6-9A7841FA87B3}"
EndProject
Project("{9A19103F-16F7-4668-BE54-9A1E7A4F7556}") = "Assimalign.Extensions.Diagnostics", "Assimalign.Extensions.Diagnostics\Assimalign.Extensions.Diagnostics.csproj", "{20B6A00A-C62E-480D-B6E6-EA25D41B817A}"
EndProject
Project("{9A19103F-16F7-4668-BE54-9A1E7A4F7556}") = "Assimalign.Extensions.ObjectPool", "Assimalign.Extensions.ObjectPool\Assimalign.Extensions.ObjectPool.csproj", "{A6D699F1-91D2-4B64-905F-2602EAB31D5D}"
EndProject
Project("{9A19103F-16F7-4668-BE54-9A1E7A4F7556}") = "Assimalign.Extensions.Scheduling", "Assimalign.Extensions.Scheduling\Assimalign.Extensions.Scheduling.csproj", "{3826117A-EF82-4822-82AE-12936F58CBB3}"
EndProject
Project("{2150E333-8FDC-42A3-9474-1A3956D46DE8}") = "benchmarks", "benchmarks", "{D490871C-D054-4C49-9C53-479598847C9B}"
EndProject
Project("{9A19103F-16F7-4668-BE54-9A1E7A4F7556}") = "Assimalign.Extensions.HostingBenchmarks", "..\benchmarks\Assimalign.Extensions.HostingBenchmarks\Assimalign.Extensions.HostingBenchmarks.csproj", "{FF2E3660-B7FF-4922-875C-471DB0993AA6}"
EndProject
Project("{9A19103F-16F7-4668-BE54-9A1E7A4F7556}") = "Assimalign.Extensions.Http", "Assimalign.Extensions.Http\Assimalign.Extensions.Http.csproj", "{7609ADDC-E407-401E-BAB6-203E103F133E}"
EndProject
Project("{9A19103F-16F7-4668-BE54-9A1E7A4F7556}") = "Assimalign.Extensions.ConfigurationTests", "..\tests\Assimalign.Extensions.ConfigurationTests\Assimalign.Extensions.ConfigurationTests.csproj", "{C1A43DB8-19E4-41C3-9556-A9DCAF25C00D}"
EndProject
Project("{9A19103F-16F7-4668-BE54-9A1E7A4F7556}") = "Assimalign.Extensions.DependencyInjectionTests", "..\tests\Assimalign.Extensions.DependencyInjectionTests\Assimalign.Extensions.DependencyInjectionTests.csproj", "{6BE03383-779C-4809-90BD-E33C3107A185}"
EndProject
Project("{FAE04EC0-301F-11D3-BF4B-00C04F79EFBC}") = "Assimalign.Extensions.Configuration.Binder", "Assimalign.Extensions.Configuration.Binder\Assimalign.Extensions.Configuration.Binder.csproj", "{E26029C2-E74A-4CE8-AD02-FE62405E80E4}"
EndProject
Project("{FAE04EC0-301F-11D3-BF4B-00C04F79EFBC}") = "Assimalign.Extensions.Configuration.CommandLine", "Assimalign.Extensions.Configuration.CommandLine\Assimalign.Extensions.Configuration.CommandLine.csproj", "{4F1D9CB9-426A-4A7E-AFDE-7914C588B0F4}"
EndProject
Project("{FAE04EC0-301F-11D3-BF4B-00C04F79EFBC}") = "Assimalign.Extensions.Configuration.EnvironmentVariables", "Assimalign.Extensions.Configuration.EnvironmentVariables\Assimalign.Extensions.Configuration.EnvironmentVariables.csproj", "{A9E775CE-C8CC-4CA6-A9C0-00FF20BA3088}"
EndProject
Project("{FAE04EC0-301F-11D3-BF4B-00C04F79EFBC}") = "Assimalign.Extensions.Configuration.FileExtensions", "Assimalign.Extensions.Configuration.FileExtensions\Assimalign.Extensions.Configuration.FileExtensions.csproj", "{13A98A91-50F2-4D84-B134-0B279977A885}"
EndProject
Project("{FAE04EC0-301F-11D3-BF4B-00C04F79EFBC}") = "Assimalign.Extensions.Configuration.Json", "Assimalign.Extensions.Configuration.Json\Assimalign.Extensions.Configuration.Json.csproj", "{8F3085B9-4DDA-40D2-99F5-BA358AB60241}"
EndProject
Global
	GlobalSection(SolutionConfigurationPlatforms) = preSolution
		Debug|Any CPU = Debug|Any CPU
		Release|Any CPU = Release|Any CPU
	EndGlobalSection
	GlobalSection(ProjectConfigurationPlatforms) = postSolution
		{37C6F92C-6DFB-4E38-8289-6A9A13051287}.Debug|Any CPU.ActiveCfg = Debug|Any CPU
		{37C6F92C-6DFB-4E38-8289-6A9A13051287}.Debug|Any CPU.Build.0 = Debug|Any CPU
		{37C6F92C-6DFB-4E38-8289-6A9A13051287}.Release|Any CPU.ActiveCfg = Release|Any CPU
		{37C6F92C-6DFB-4E38-8289-6A9A13051287}.Release|Any CPU.Build.0 = Release|Any CPU
		{821907A9-121E-4687-8F98-9B2BCE004DDC}.Debug|Any CPU.ActiveCfg = Debug|Any CPU
		{821907A9-121E-4687-8F98-9B2BCE004DDC}.Debug|Any CPU.Build.0 = Debug|Any CPU
		{821907A9-121E-4687-8F98-9B2BCE004DDC}.Release|Any CPU.ActiveCfg = Release|Any CPU
		{821907A9-121E-4687-8F98-9B2BCE004DDC}.Release|Any CPU.Build.0 = Release|Any CPU
		{19C51F8D-ADBA-4BC6-9A22-A3BD144380DA}.Debug|Any CPU.ActiveCfg = Debug|Any CPU
		{19C51F8D-ADBA-4BC6-9A22-A3BD144380DA}.Debug|Any CPU.Build.0 = Debug|Any CPU
		{19C51F8D-ADBA-4BC6-9A22-A3BD144380DA}.Release|Any CPU.ActiveCfg = Release|Any CPU
		{19C51F8D-ADBA-4BC6-9A22-A3BD144380DA}.Release|Any CPU.Build.0 = Release|Any CPU
		{B91057B3-24DE-4FEC-9A13-0FE753FBF320}.Debug|Any CPU.ActiveCfg = Debug|Any CPU
		{B91057B3-24DE-4FEC-9A13-0FE753FBF320}.Debug|Any CPU.Build.0 = Debug|Any CPU
		{B91057B3-24DE-4FEC-9A13-0FE753FBF320}.Release|Any CPU.ActiveCfg = Release|Any CPU
		{B91057B3-24DE-4FEC-9A13-0FE753FBF320}.Release|Any CPU.Build.0 = Release|Any CPU
		{CABAC296-B99D-4F9F-831F-62F89465FD40}.Debug|Any CPU.ActiveCfg = Debug|Any CPU
		{CABAC296-B99D-4F9F-831F-62F89465FD40}.Debug|Any CPU.Build.0 = Debug|Any CPU
		{CABAC296-B99D-4F9F-831F-62F89465FD40}.Release|Any CPU.ActiveCfg = Release|Any CPU
		{CABAC296-B99D-4F9F-831F-62F89465FD40}.Release|Any CPU.Build.0 = Release|Any CPU
		{0863BDB7-1728-4962-82F2-816A46B1F676}.Debug|Any CPU.ActiveCfg = Debug|Any CPU
		{0863BDB7-1728-4962-82F2-816A46B1F676}.Debug|Any CPU.Build.0 = Debug|Any CPU
		{0863BDB7-1728-4962-82F2-816A46B1F676}.Release|Any CPU.ActiveCfg = Release|Any CPU
		{0863BDB7-1728-4962-82F2-816A46B1F676}.Release|Any CPU.Build.0 = Release|Any CPU
		{1EEFB8A8-4AF4-47BA-BD6E-4240F9DB55A7}.Debug|Any CPU.ActiveCfg = Debug|Any CPU
		{1EEFB8A8-4AF4-47BA-BD6E-4240F9DB55A7}.Debug|Any CPU.Build.0 = Debug|Any CPU
		{1EEFB8A8-4AF4-47BA-BD6E-4240F9DB55A7}.Release|Any CPU.ActiveCfg = Release|Any CPU
		{1EEFB8A8-4AF4-47BA-BD6E-4240F9DB55A7}.Release|Any CPU.Build.0 = Release|Any CPU
		{65BD0269-5CFB-4DEC-9B7B-C24ADD582262}.Debug|Any CPU.ActiveCfg = Debug|Any CPU
		{65BD0269-5CFB-4DEC-9B7B-C24ADD582262}.Debug|Any CPU.Build.0 = Debug|Any CPU
		{65BD0269-5CFB-4DEC-9B7B-C24ADD582262}.Release|Any CPU.ActiveCfg = Release|Any CPU
		{65BD0269-5CFB-4DEC-9B7B-C24ADD582262}.Release|Any CPU.Build.0 = Release|Any CPU
		{20B6A00A-C62E-480D-B6E6-EA25D41B817A}.Debug|Any CPU.ActiveCfg = Debug|Any CPU
		{20B6A00A-C62E-480D-B6E6-EA25D41B817A}.Debug|Any CPU.Build.0 = Debug|Any CPU
		{20B6A00A-C62E-480D-B6E6-EA25D41B817A}.Release|Any CPU.ActiveCfg = Release|Any CPU
		{20B6A00A-C62E-480D-B6E6-EA25D41B817A}.Release|Any CPU.Build.0 = Release|Any CPU
		{A6D699F1-91D2-4B64-905F-2602EAB31D5D}.Debug|Any CPU.ActiveCfg = Debug|Any CPU
		{A6D699F1-91D2-4B64-905F-2602EAB31D5D}.Debug|Any CPU.Build.0 = Debug|Any CPU
		{A6D699F1-91D2-4B64-905F-2602EAB31D5D}.Release|Any CPU.ActiveCfg = Release|Any CPU
		{A6D699F1-91D2-4B64-905F-2602EAB31D5D}.Release|Any CPU.Build.0 = Release|Any CPU
		{3826117A-EF82-4822-82AE-12936F58CBB3}.Debug|Any CPU.ActiveCfg = Debug|Any CPU
		{3826117A-EF82-4822-82AE-12936F58CBB3}.Debug|Any CPU.Build.0 = Debug|Any CPU
		{3826117A-EF82-4822-82AE-12936F58CBB3}.Release|Any CPU.ActiveCfg = Release|Any CPU
		{3826117A-EF82-4822-82AE-12936F58CBB3}.Release|Any CPU.Build.0 = Release|Any CPU
		{FF2E3660-B7FF-4922-875C-471DB0993AA6}.Debug|Any CPU.ActiveCfg = Debug|Any CPU
		{FF2E3660-B7FF-4922-875C-471DB0993AA6}.Debug|Any CPU.Build.0 = Debug|Any CPU
		{FF2E3660-B7FF-4922-875C-471DB0993AA6}.Release|Any CPU.ActiveCfg = Release|Any CPU
		{FF2E3660-B7FF-4922-875C-471DB0993AA6}.Release|Any CPU.Build.0 = Release|Any CPU
		{7609ADDC-E407-401E-BAB6-203E103F133E}.Debug|Any CPU.ActiveCfg = Debug|Any CPU
		{7609ADDC-E407-401E-BAB6-203E103F133E}.Debug|Any CPU.Build.0 = Debug|Any CPU
		{7609ADDC-E407-401E-BAB6-203E103F133E}.Release|Any CPU.ActiveCfg = Release|Any CPU
		{7609ADDC-E407-401E-BAB6-203E103F133E}.Release|Any CPU.Build.0 = Release|Any CPU
		{C1A43DB8-19E4-41C3-9556-A9DCAF25C00D}.Debug|Any CPU.ActiveCfg = Debug|Any CPU
		{C1A43DB8-19E4-41C3-9556-A9DCAF25C00D}.Debug|Any CPU.Build.0 = Debug|Any CPU
		{C1A43DB8-19E4-41C3-9556-A9DCAF25C00D}.Release|Any CPU.ActiveCfg = Release|Any CPU
		{C1A43DB8-19E4-41C3-9556-A9DCAF25C00D}.Release|Any CPU.Build.0 = Release|Any CPU
		{6BE03383-779C-4809-90BD-E33C3107A185}.Debug|Any CPU.ActiveCfg = Debug|Any CPU
		{6BE03383-779C-4809-90BD-E33C3107A185}.Debug|Any CPU.Build.0 = Debug|Any CPU
		{6BE03383-779C-4809-90BD-E33C3107A185}.Release|Any CPU.ActiveCfg = Release|Any CPU
		{6BE03383-779C-4809-90BD-E33C3107A185}.Release|Any CPU.Build.0 = Release|Any CPU
		{E26029C2-E74A-4CE8-AD02-FE62405E80E4}.Debug|Any CPU.ActiveCfg = Debug|Any CPU
		{E26029C2-E74A-4CE8-AD02-FE62405E80E4}.Debug|Any CPU.Build.0 = Debug|Any CPU
		{E26029C2-E74A-4CE8-AD02-FE62405E80E4}.Release|Any CPU.ActiveCfg = Release|Any CPU
		{E26029C2-E74A-4CE8-AD02-FE62405E80E4}.Release|Any CPU.Build.0 = Release|Any CPU
		{4F1D9CB9-426A-4A7E-AFDE-7914C588B0F4}.Debug|Any CPU.ActiveCfg = Debug|Any CPU
		{4F1D9CB9-426A-4A7E-AFDE-7914C588B0F4}.Debug|Any CPU.Build.0 = Debug|Any CPU
		{4F1D9CB9-426A-4A7E-AFDE-7914C588B0F4}.Release|Any CPU.ActiveCfg = Release|Any CPU
		{4F1D9CB9-426A-4A7E-AFDE-7914C588B0F4}.Release|Any CPU.Build.0 = Release|Any CPU
		{A9E775CE-C8CC-4CA6-A9C0-00FF20BA3088}.Debug|Any CPU.ActiveCfg = Debug|Any CPU
		{A9E775CE-C8CC-4CA6-A9C0-00FF20BA3088}.Debug|Any CPU.Build.0 = Debug|Any CPU
		{A9E775CE-C8CC-4CA6-A9C0-00FF20BA3088}.Release|Any CPU.ActiveCfg = Release|Any CPU
		{A9E775CE-C8CC-4CA6-A9C0-00FF20BA3088}.Release|Any CPU.Build.0 = Release|Any CPU
		{13A98A91-50F2-4D84-B134-0B279977A885}.Debug|Any CPU.ActiveCfg = Debug|Any CPU
		{13A98A91-50F2-4D84-B134-0B279977A885}.Debug|Any CPU.Build.0 = Debug|Any CPU
		{13A98A91-50F2-4D84-B134-0B279977A885}.Release|Any CPU.ActiveCfg = Release|Any CPU
		{13A98A91-50F2-4D84-B134-0B279977A885}.Release|Any CPU.Build.0 = Release|Any CPU
		{8F3085B9-4DDA-40D2-99F5-BA358AB60241}.Debug|Any CPU.ActiveCfg = Debug|Any CPU
		{8F3085B9-4DDA-40D2-99F5-BA358AB60241}.Debug|Any CPU.Build.0 = Debug|Any CPU
		{8F3085B9-4DDA-40D2-99F5-BA358AB60241}.Release|Any CPU.ActiveCfg = Release|Any CPU
		{8F3085B9-4DDA-40D2-99F5-BA358AB60241}.Release|Any CPU.Build.0 = Release|Any CPU
	EndGlobalSection
	GlobalSection(SolutionProperties) = preSolution
		HideSolutionNode = FALSE
	EndGlobalSection
	GlobalSection(NestedProjects) = preSolution
		{37C6F92C-6DFB-4E38-8289-6A9A13051287} = {032D3ABD-068C-4167-BA3D-BEC95C5F0DA8}
		{821907A9-121E-4687-8F98-9B2BCE004DDC} = {032D3ABD-068C-4167-BA3D-BEC95C5F0DA8}
		{19C51F8D-ADBA-4BC6-9A22-A3BD144380DA} = {032D3ABD-068C-4167-BA3D-BEC95C5F0DA8}
		{B91057B3-24DE-4FEC-9A13-0FE753FBF320} = {032D3ABD-068C-4167-BA3D-BEC95C5F0DA8}
		{CABAC296-B99D-4F9F-831F-62F89465FD40} = {032D3ABD-068C-4167-BA3D-BEC95C5F0DA8}
		{0863BDB7-1728-4962-82F2-816A46B1F676} = {032D3ABD-068C-4167-BA3D-BEC95C5F0DA8}
		{1EEFB8A8-4AF4-47BA-BD6E-4240F9DB55A7} = {032D3ABD-068C-4167-BA3D-BEC95C5F0DA8}
		{65BD0269-5CFB-4DEC-9B7B-C24ADD582262} = {032D3ABD-068C-4167-BA3D-BEC95C5F0DA8}
		{20B6A00A-C62E-480D-B6E6-EA25D41B817A} = {032D3ABD-068C-4167-BA3D-BEC95C5F0DA8}
		{A6D699F1-91D2-4B64-905F-2602EAB31D5D} = {032D3ABD-068C-4167-BA3D-BEC95C5F0DA8}
		{3826117A-EF82-4822-82AE-12936F58CBB3} = {032D3ABD-068C-4167-BA3D-BEC95C5F0DA8}
		{FF2E3660-B7FF-4922-875C-471DB0993AA6} = {D490871C-D054-4C49-9C53-479598847C9B}
		{7609ADDC-E407-401E-BAB6-203E103F133E} = {032D3ABD-068C-4167-BA3D-BEC95C5F0DA8}
		{C1A43DB8-19E4-41C3-9556-A9DCAF25C00D} = {A833112E-3BFE-4F5F-AFF6-9A7841FA87B3}
		{6BE03383-779C-4809-90BD-E33C3107A185} = {A833112E-3BFE-4F5F-AFF6-9A7841FA87B3}
		{E26029C2-E74A-4CE8-AD02-FE62405E80E4} = {032D3ABD-068C-4167-BA3D-BEC95C5F0DA8}
		{4F1D9CB9-426A-4A7E-AFDE-7914C588B0F4} = {032D3ABD-068C-4167-BA3D-BEC95C5F0DA8}
		{A9E775CE-C8CC-4CA6-A9C0-00FF20BA3088} = {032D3ABD-068C-4167-BA3D-BEC95C5F0DA8}
		{13A98A91-50F2-4D84-B134-0B279977A885} = {032D3ABD-068C-4167-BA3D-BEC95C5F0DA8}
		{8F3085B9-4DDA-40D2-99F5-BA358AB60241} = {032D3ABD-068C-4167-BA3D-BEC95C5F0DA8}
	EndGlobalSection
	GlobalSection(ExtensibilityGlobals) = postSolution
		SolutionGuid = {0E48D3C9-706C-4079-9E6E-2D9C88CEB612}
	EndGlobalSection
EndGlobal
