
Microsoft Visual Studio Solution File, Format Version 12.00
# Visual Studio Version 17
VisualStudioVersion = 17.1.32210.238
MinimumVisualStudioVersion = 10.0.40219.1
Project("{2150E333-8FDC-42A3-9474-1A3956D46DE8}") = "libraries", "libraries", "{0FD0D3ED-6214-4029-825F-1B4E67FC9EF1}"
EndProject
Project("{2150E333-8FDC-42A3-9474-1A3956D46DE8}") = "configuration", "configuration", "{BEB87259-C9E1-41F5-99E6-56885D8C4210}"
EndProject
Project("{2150E333-8FDC-42A3-9474-1A3956D46DE8}") = "mapping", "mapping", "{F5AAF2E0-51F5-4C71-9F69-B11E58900136}"
EndProject
Project("{2150E333-8FDC-42A3-9474-1A3956D46DE8}") = "validation", "validation", "{60F770D9-148F-40CD-928A-A9EE0E9DF0CF}"
EndProject
Project("{2150E333-8FDC-42A3-9474-1A3956D46DE8}") = "di", "di", "{3A5AA190-54BF-4A08-8FF8-34846ADBCA43}"
EndProject
Project("{2150E333-8FDC-42A3-9474-1A3956D46DE8}") = "options", "options", "{42FCCF10-CE15-4CD2-8897-924F76A75686}"
EndProject
Project("{2150E333-8FDC-42A3-9474-1A3956D46DE8}") = "logging", "logging", "{06E402AE-747C-4A5B-8ABE-E5CFBA652B8C}"
EndProject
Project("{2150E333-8FDC-42A3-9474-1A3956D46DE8}") = "diagnostics", "diagnostics", "{3CAFEE9F-0CF7-4E31-8F37-B7F3A01FC654}"
EndProject
Project("{2150E333-8FDC-42A3-9474-1A3956D46DE8}") = "hosting", "hosting", "{89D2A0A0-2422-46A2-A38F-7FF96235490F}"
EndProject
Project("{2150E333-8FDC-42A3-9474-1A3956D46DE8}") = "linq", "linq", "{9C0B836D-5D47-4403-8A61-1723EF907C32}"
EndProject
Project("{2150E333-8FDC-42A3-9474-1A3956D46DE8}") = "net", "net", "{3EFDE5BB-1721-46B9-ADCF-97224DAA94A6}"
EndProject
Project("{2150E333-8FDC-42A3-9474-1A3956D46DE8}") = "file", "file", "{421A4189-72C1-407B-B478-604FC2878646}"
EndProject
Project("{2150E333-8FDC-42A3-9474-1A3956D46DE8}") = "text", "text", "{7DDB1378-0815-4115-866F-CE04F7C1C067}"
EndProject
Project("{2150E333-8FDC-42A3-9474-1A3956D46DE8}") = "scheduling", "scheduling", "{945CDF55-6B80-4618-AFB1-18734456A96E}"
EndProject
Project("{2150E333-8FDC-42A3-9474-1A3956D46DE8}") = "pooling", "pooling", "{2EFB94BF-05F5-448A-9F30-175BD7D96400}"
EndProject
Project("{2150E333-8FDC-42A3-9474-1A3956D46DE8}") = "common", "common", "{7653E207-0F4C-432C-9262-1BD2FFACF811}"
EndProject
Project("{2150E333-8FDC-42A3-9474-1A3956D46DE8}") = "src", "src", "{2D484E04-D489-4D22-AB90-25DE24EBFE3D}"
EndProject
Project("{2150E333-8FDC-42A3-9474-1A3956D46DE8}") = "tests", "tests", "{22384865-0148-43D2-98B3-68637A9A399F}"
EndProject
Project("{2150E333-8FDC-42A3-9474-1A3956D46DE8}") = "build", "build", "{72501880-A990-40D4-AEF5-E6154C34DC3A}"
EndProject
Project("{2150E333-8FDC-42A3-9474-1A3956D46DE8}") = "pipelines", "pipelines", "{D0E3A3B1-BEBC-4092-81F6-06EBB154614A}"
EndProject
Project("{2150E333-8FDC-42A3-9474-1A3956D46DE8}") = "build", "build", "{7AE204B5-5029-44BE-82FB-3D289F916887}"
EndProject
Project("{2150E333-8FDC-42A3-9474-1A3956D46DE8}") = "pipelines", "pipelines", "{7A3B9C71-5FF1-4D87-8D12-E293441F0D06}"
EndProject
Project("{2150E333-8FDC-42A3-9474-1A3956D46DE8}") = "src", "src", "{F25953EA-8813-42C6-BDAF-3A8E014B24EA}"
EndProject
Project("{2150E333-8FDC-42A3-9474-1A3956D46DE8}") = "tests", "tests", "{235C2B6F-4E6B-48F2-841A-8A8C733060ED}"
EndProject
Project("{9A19103F-16F7-4668-BE54-9A1E7A4F7556}") = "Assimalign.Extensions.Primitives", "common\src\Assimalign.Extensions.Primitives\Assimalign.Extensions.Primitives.csproj", "{E9DC98EC-82AD-4251-9D66-D2208D36B37B}"
EndProject
Project("{FAE04EC0-301F-11D3-BF4B-00C04F79EFBC}") = "Assimalign.Extensions.PrimitivesTests", "common\tests\Assimalign.Extensions.PrimitivesTests\Assimalign.Extensions.PrimitivesTests.csproj", "{49A2C104-73E6-47D7-9820-B3BA613F2D3A}"
EndProject
Project("{2150E333-8FDC-42A3-9474-1A3956D46DE8}") = "tests", "tests", "{82E4EEA4-20A1-4799-B04D-D9BC91B82472}"
EndProject
Project("{2150E333-8FDC-42A3-9474-1A3956D46DE8}") = "src", "src", "{EE64CBE1-C022-49CF-91F4-217C6EA056D5}"
EndProject
Project("{2150E333-8FDC-42A3-9474-1A3956D46DE8}") = "build", "build", "{F30018EA-65D0-4FE0-8CC4-7A423A35B55F}"
EndProject
Project("{2150E333-8FDC-42A3-9474-1A3956D46DE8}") = "pipelines", "pipelines", "{6C629E64-BF4F-44D3-AD76-D908DD87E140}"
EndProject
Project("{9A19103F-16F7-4668-BE54-9A1E7A4F7556}") = "Assimalign.ComponentModel.Mapping", "mapping\src\Assimalign.Extensions.Mapping\Assimalign.ComponentModel.Mapping.csproj", "{9E9F99FD-F762-4D00-8B7D-0B185DE96DF8}"
EndProject
Global
	GlobalSection(SolutionConfigurationPlatforms) = preSolution
		Debug|Any CPU = Debug|Any CPU
		Release|Any CPU = Release|Any CPU
	EndGlobalSection
	GlobalSection(ProjectConfigurationPlatforms) = postSolution
		{E9DC98EC-82AD-4251-9D66-D2208D36B37B}.Debug|Any CPU.ActiveCfg = Debug|Any CPU
		{E9DC98EC-82AD-4251-9D66-D2208D36B37B}.Debug|Any CPU.Build.0 = Debug|Any CPU
		{E9DC98EC-82AD-4251-9D66-D2208D36B37B}.Release|Any CPU.ActiveCfg = Release|Any CPU
		{E9DC98EC-82AD-4251-9D66-D2208D36B37B}.Release|Any CPU.Build.0 = Release|Any CPU
		{49A2C104-73E6-47D7-9820-B3BA613F2D3A}.Debug|Any CPU.ActiveCfg = Debug|Any CPU
		{49A2C104-73E6-47D7-9820-B3BA613F2D3A}.Debug|Any CPU.Build.0 = Debug|Any CPU
		{49A2C104-73E6-47D7-9820-B3BA613F2D3A}.Release|Any CPU.ActiveCfg = Release|Any CPU
		{49A2C104-73E6-47D7-9820-B3BA613F2D3A}.Release|Any CPU.Build.0 = Release|Any CPU
		{9E9F99FD-F762-4D00-8B7D-0B185DE96DF8}.Debug|Any CPU.ActiveCfg = Debug|Any CPU
		{9E9F99FD-F762-4D00-8B7D-0B185DE96DF8}.Debug|Any CPU.Build.0 = Debug|Any CPU
		{9E9F99FD-F762-4D00-8B7D-0B185DE96DF8}.Release|Any CPU.ActiveCfg = Release|Any CPU
		{9E9F99FD-F762-4D00-8B7D-0B185DE96DF8}.Release|Any CPU.Build.0 = Release|Any CPU
	EndGlobalSection
	GlobalSection(SolutionProperties) = preSolution
		HideSolutionNode = FALSE
	EndGlobalSection
	GlobalSection(NestedProjects) = preSolution
		{BEB87259-C9E1-41F5-99E6-56885D8C4210} = {0FD0D3ED-6214-4029-825F-1B4E67FC9EF1}
		{F5AAF2E0-51F5-4C71-9F69-B11E58900136} = {0FD0D3ED-6214-4029-825F-1B4E67FC9EF1}
		{60F770D9-148F-40CD-928A-A9EE0E9DF0CF} = {0FD0D3ED-6214-4029-825F-1B4E67FC9EF1}
		{3A5AA190-54BF-4A08-8FF8-34846ADBCA43} = {0FD0D3ED-6214-4029-825F-1B4E67FC9EF1}
		{42FCCF10-CE15-4CD2-8897-924F76A75686} = {0FD0D3ED-6214-4029-825F-1B4E67FC9EF1}
		{06E402AE-747C-4A5B-8ABE-E5CFBA652B8C} = {0FD0D3ED-6214-4029-825F-1B4E67FC9EF1}
		{3CAFEE9F-0CF7-4E31-8F37-B7F3A01FC654} = {0FD0D3ED-6214-4029-825F-1B4E67FC9EF1}
		{89D2A0A0-2422-46A2-A38F-7FF96235490F} = {0FD0D3ED-6214-4029-825F-1B4E67FC9EF1}
		{9C0B836D-5D47-4403-8A61-1723EF907C32} = {0FD0D3ED-6214-4029-825F-1B4E67FC9EF1}
		{3EFDE5BB-1721-46B9-ADCF-97224DAA94A6} = {0FD0D3ED-6214-4029-825F-1B4E67FC9EF1}
		{421A4189-72C1-407B-B478-604FC2878646} = {0FD0D3ED-6214-4029-825F-1B4E67FC9EF1}
		{7DDB1378-0815-4115-866F-CE04F7C1C067} = {0FD0D3ED-6214-4029-825F-1B4E67FC9EF1}
		{945CDF55-6B80-4618-AFB1-18734456A96E} = {0FD0D3ED-6214-4029-825F-1B4E67FC9EF1}
		{2EFB94BF-05F5-448A-9F30-175BD7D96400} = {0FD0D3ED-6214-4029-825F-1B4E67FC9EF1}
		{7653E207-0F4C-432C-9262-1BD2FFACF811} = {0FD0D3ED-6214-4029-825F-1B4E67FC9EF1}
		{2D484E04-D489-4D22-AB90-25DE24EBFE3D} = {BEB87259-C9E1-41F5-99E6-56885D8C4210}
		{22384865-0148-43D2-98B3-68637A9A399F} = {BEB87259-C9E1-41F5-99E6-56885D8C4210}
		{72501880-A990-40D4-AEF5-E6154C34DC3A} = {BEB87259-C9E1-41F5-99E6-56885D8C4210}
		{D0E3A3B1-BEBC-4092-81F6-06EBB154614A} = {BEB87259-C9E1-41F5-99E6-56885D8C4210}
		{7AE204B5-5029-44BE-82FB-3D289F916887} = {7653E207-0F4C-432C-9262-1BD2FFACF811}
		{7A3B9C71-5FF1-4D87-8D12-E293441F0D06} = {7653E207-0F4C-432C-9262-1BD2FFACF811}
		{F25953EA-8813-42C6-BDAF-3A8E014B24EA} = {7653E207-0F4C-432C-9262-1BD2FFACF811}
		{235C2B6F-4E6B-48F2-841A-8A8C733060ED} = {7653E207-0F4C-432C-9262-1BD2FFACF811}
		{E9DC98EC-82AD-4251-9D66-D2208D36B37B} = {F25953EA-8813-42C6-BDAF-3A8E014B24EA}
		{49A2C104-73E6-47D7-9820-B3BA613F2D3A} = {235C2B6F-4E6B-48F2-841A-8A8C733060ED}
		{82E4EEA4-20A1-4799-B04D-D9BC91B82472} = {F5AAF2E0-51F5-4C71-9F69-B11E58900136}
		{EE64CBE1-C022-49CF-91F4-217C6EA056D5} = {F5AAF2E0-51F5-4C71-9F69-B11E58900136}
		{F30018EA-65D0-4FE0-8CC4-7A423A35B55F} = {F5AAF2E0-51F5-4C71-9F69-B11E58900136}
		{6C629E64-BF4F-44D3-AD76-D908DD87E140} = {F5AAF2E0-51F5-4C71-9F69-B11E58900136}
		{9E9F99FD-F762-4D00-8B7D-0B185DE96DF8} = {EE64CBE1-C022-49CF-91F4-217C6EA056D5}
	EndGlobalSection
	GlobalSection(ExtensibilityGlobals) = postSolution
		SolutionGuid = {FCCF2D81-2E3A-4508-918E-048D800EABE8}
	EndGlobalSection
EndGlobal
