
Microsoft Visual Studio Solution File, Format Version 12.00
# Visual Studio Version 17
VisualStudioVersion = 17.1.32210.238
MinimumVisualStudioVersion = 10.0.40219.1
Project("{2150E333-8FDC-42A3-9474-1A3956D46DE8}") = "libraries", "libraries", "{0FD0D3ED-6214-4029-825F-1B4E67FC9EF1}"
EndProject
Project("{2150E333-8FDC-42A3-9474-1A3956D46DE8}") = "configuration", "configuration", "{BEB87259-C9E1-41F5-99E6-56885D8C4210}"
EndProject
Project("{2150E333-8FDC-42A3-9474-1A3956D46DE8}") = "mapping", "mapping", "{F5AAF2E0-51F5-4C71-9F69-B11E58900136}"
EndProject
Project("{2150E333-8FDC-42A3-9474-1A3956D46DE8}") = "validation", "validation", "{60F770D9-148F-40CD-928A-A9EE0E9DF0CF}"
EndProject
Project("{2150E333-8FDC-42A3-9474-1A3956D46DE8}") = "di", "di", "{3A5AA190-54BF-4A08-8FF8-34846ADBCA43}"
EndProject
Project("{2150E333-8FDC-42A3-9474-1A3956D46DE8}") = "options", "options", "{42FCCF10-CE15-4CD2-8897-924F76A75686}"
EndProject
Project("{2150E333-8FDC-42A3-9474-1A3956D46DE8}") = "logging", "logging", "{06E402AE-747C-4A5B-8ABE-E5CFBA652B8C}"
EndProject
Project("{2150E333-8FDC-42A3-9474-1A3956D46DE8}") = "diagnostics", "diagnostics", "{3CAFEE9F-0CF7-4E31-8F37-B7F3A01FC654}"
EndProject
Project("{2150E333-8FDC-42A3-9474-1A3956D46DE8}") = "hosting", "hosting", "{89D2A0A0-2422-46A2-A38F-7FF96235490F}"
EndProject
Project("{2150E333-8FDC-42A3-9474-1A3956D46DE8}") = "linq", "linq", "{9C0B836D-5D47-4403-8A61-1723EF907C32}"
EndProject
Project("{2150E333-8FDC-42A3-9474-1A3956D46DE8}") = "net", "net", "{3EFDE5BB-1721-46B9-ADCF-97224DAA94A6}"
EndProject
Project("{2150E333-8FDC-42A3-9474-1A3956D46DE8}") = "file", "file", "{421A4189-72C1-407B-B478-604FC2878646}"
EndProject
Project("{2150E333-8FDC-42A3-9474-1A3956D46DE8}") = "text", "text", "{7DDB1378-0815-4115-866F-CE04F7C1C067}"
EndProject
Project("{2150E333-8FDC-42A3-9474-1A3956D46DE8}") = "scheduling", "scheduling", "{945CDF55-6B80-4618-AFB1-18734456A96E}"
EndProject
Project("{2150E333-8FDC-42A3-9474-1A3956D46DE8}") = "pooling", "pooling", "{2EFB94BF-05F5-448A-9F30-175BD7D96400}"
EndProject
Project("{2150E333-8FDC-42A3-9474-1A3956D46DE8}") = "common", "common", "{7653E207-0F4C-432C-9262-1BD2FFACF811}"
EndProject
Project("{2150E333-8FDC-42A3-9474-1A3956D46DE8}") = "src", "src", "{2D484E04-D489-4D22-AB90-25DE24EBFE3D}"
EndProject
Project("{2150E333-8FDC-42A3-9474-1A3956D46DE8}") = "tests", "tests", "{22384865-0148-43D2-98B3-68637A9A399F}"
EndProject
Project("{2150E333-8FDC-42A3-9474-1A3956D46DE8}") = "build", "build", "{72501880-A990-40D4-AEF5-E6154C34DC3A}"
	ProjectSection(SolutionItems) = preProject
		configuration\Directory.Build.props = configuration\Directory.Build.props
	EndProjectSection
EndProject
Project("{2150E333-8FDC-42A3-9474-1A3956D46DE8}") = "workflows", "workflows", "{D0E3A3B1-BEBC-4092-81F6-06EBB154614A}"
EndProject
Project("{2150E333-8FDC-42A3-9474-1A3956D46DE8}") = "build", "build", "{7AE204B5-5029-44BE-82FB-3D289F916887}"
	ProjectSection(SolutionItems) = preProject
		common\Directory.Build.props = common\Directory.Build.props
	EndProjectSection
EndProject
Project("{2150E333-8FDC-42A3-9474-1A3956D46DE8}") = "workflows", "workflows", "{7A3B9C71-5FF1-4D87-8D12-E293441F0D06}"
	ProjectSection(SolutionItems) = preProject
		..\.github\workflows\assimalign.extensions.primitives.yml = ..\.github\workflows\assimalign.extensions.primitives.yml
	EndProjectSection
EndProject
Project("{2150E333-8FDC-42A3-9474-1A3956D46DE8}") = "src", "src", "{F25953EA-8813-42C6-BDAF-3A8E014B24EA}"
EndProject
Project("{2150E333-8FDC-42A3-9474-1A3956D46DE8}") = "tests", "tests", "{235C2B6F-4E6B-48F2-841A-8A8C733060ED}"
EndProject
Project("{9A19103F-16F7-4668-BE54-9A1E7A4F7556}") = "Assimalign.Extensions.Primitives", "common\src\Assimalign.Extensions.Primitives\Assimalign.Extensions.Primitives.csproj", "{E9DC98EC-82AD-4251-9D66-D2208D36B37B}"
EndProject
Project("{9A19103F-16F7-4668-BE54-9A1E7A4F7556}") = "Assimalign.Extensions.PrimitivesTests", "common\tests\Assimalign.Extensions.PrimitivesTests\Assimalign.Extensions.PrimitivesTests.csproj", "{49A2C104-73E6-47D7-9820-B3BA613F2D3A}"
EndProject
Project("{2150E333-8FDC-42A3-9474-1A3956D46DE8}") = "tests", "tests", "{82E4EEA4-20A1-4799-B04D-D9BC91B82472}"
EndProject
Project("{2150E333-8FDC-42A3-9474-1A3956D46DE8}") = "src", "src", "{EE64CBE1-C022-49CF-91F4-217C6EA056D5}"
EndProject
Project("{2150E333-8FDC-42A3-9474-1A3956D46DE8}") = "build", "build", "{F30018EA-65D0-4FE0-8CC4-7A423A35B55F}"
	ProjectSection(SolutionItems) = preProject
		mapping\Directory.Build.props = mapping\Directory.Build.props
	EndProjectSection
EndProject
Project("{2150E333-8FDC-42A3-9474-1A3956D46DE8}") = "workflows", "workflows", "{6C629E64-BF4F-44D3-AD76-D908DD87E140}"
	ProjectSection(SolutionItems) = preProject
		..\.github\workflows\assimalign.extensions.mapping.yml = ..\.github\workflows\assimalign.extensions.mapping.yml
	EndProjectSection
EndProject
Project("{9A19103F-16F7-4668-BE54-9A1E7A4F7556}") = "Assimalign.Extensions.Mapping", "mapping\src\Assimalign.Extensions.Mapping\Assimalign.Extensions.Mapping.csproj", "{9E9F99FD-F762-4D00-8B7D-0B185DE96DF8}"
EndProject
Project("{2150E333-8FDC-42A3-9474-1A3956D46DE8}") = "benchmarks", "benchmarks", "{2275CB51-E377-48C9-9561-6720CA1DC797}"
EndProject
Project("{2150E333-8FDC-42A3-9474-1A3956D46DE8}") = "src", "src", "{3758076E-042C-42E8-B2D1-F5AF9229607E}"
EndProject
Project("{2150E333-8FDC-42A3-9474-1A3956D46DE8}") = "tests", "tests", "{5095EBED-69EE-40F6-B14E-822892CBE3E5}"
EndProject
Project("{2150E333-8FDC-42A3-9474-1A3956D46DE8}") = "workflows", "workflows", "{791E9E29-0851-4197-8886-8E5CFC952EFE}"
	ProjectSection(SolutionItems) = preProject
		..\.github\workflows\assimalign.extensions.validation.configurable.json.yml = ..\.github\workflows\assimalign.extensions.validation.configurable.json.yml
		..\.github\workflows\assimalign.extensions.validation.configurable.xml.yml = ..\.github\workflows\assimalign.extensions.validation.configurable.xml.yml
		..\.github\workflows\assimalign.extensions.validation.configurable.yml = ..\.github\workflows\assimalign.extensions.validation.configurable.yml
		..\.github\workflows\assimalign.extensions.validation.yml = ..\.github\workflows\assimalign.extensions.validation.yml
	EndProjectSection
EndProject
Project("{2150E333-8FDC-42A3-9474-1A3956D46DE8}") = "build", "build", "{46C683E7-852F-43B7-A6EF-37819E8ABEEB}"
	ProjectSection(SolutionItems) = preProject
		validation\Directory.Build.props = validation\Directory.Build.props
	EndProjectSection
EndProject
Project("{9A19103F-16F7-4668-BE54-9A1E7A4F7556}") = "Assimalign.Extensions.Validation", "validation\src\Assimalign.Extensions.Validation\Assimalign.Extensions.Validation.csproj", "{E2355536-17B2-4627-801C-0F786B534B0A}"
EndProject
Project("{9A19103F-16F7-4668-BE54-9A1E7A4F7556}") = "Assimalign.Extensions.Validation.Configurable", "validation\src\Assimalign.Extensions.Validation.Configurable\Assimalign.Extensions.Validation.Configurable.csproj", "{D065205A-4571-4277-8293-080F74609DB5}"
EndProject
Project("{9A19103F-16F7-4668-BE54-9A1E7A4F7556}") = "Assimalign.Extensions.Validation.Configurable.Json", "validation\src\Assimalign.Extensions.Validation.Configurable.Json\Assimalign.Extensions.Validation.Configurable.Json.csproj", "{CE6C7860-AD1E-4666-8DB7-06A53BA918D1}"
EndProject
Project("{9A19103F-16F7-4668-BE54-9A1E7A4F7556}") = "Assimalign.Extensions.Validation.Configurable.Xml", "validation\src\Assimalign.Extensions.Validation.Configurable.Xml\Assimalign.Extensions.Validation.Configurable.Xml.csproj", "{2AFB47FB-64CB-4F96-863C-DAA39C5751A8}"
EndProject
Project("{9A19103F-16F7-4668-BE54-9A1E7A4F7556}") = "Assimalign.Extensions.ValidationTests", "validation\tests\Assimalign.Extensions.ValidationTests\Assimalign.Extensions.ValidationTests.csproj", "{ED75E57E-1D57-4527-97FA-2C80C1E7058B}"
EndProject
Project("{9A19103F-16F7-4668-BE54-9A1E7A4F7556}") = "Assimalign.Extensions.Validation.Configurable.XmlTests", "validation\tests\Assimalign.Extensions.Validation.Configurable.XmlTests\Assimalign.Extensions.Validation.Configurable.XmlTests.csproj", "{792D6CEF-6E1D-4FFC-AB9C-58BBE0BC63EB}"
EndProject
Project("{9A19103F-16F7-4668-BE54-9A1E7A4F7556}") = "Assimalign.Extensions.Validation.Configurable.JsonTests", "validation\tests\Assimalign.Extensions.Validation.Configurable.JsonTests\Assimalign.Extensions.Validation.Configurable.JsonTests.csproj", "{F00D3A59-D15A-4F70-B219-3962B63BF6AE}"
EndProject
Project("{2150E333-8FDC-42A3-9474-1A3956D46DE8}") = "build", "build", "{E5214EC7-FEC9-4191-8FA0-97E91216764D}"
	ProjectSection(SolutionItems) = preProject
		Directory.Build.props = Directory.Build.props
	EndProjectSection
EndProject
Project("{9A19103F-16F7-4668-BE54-9A1E7A4F7556}") = "Assimalign.Extensions.Validation.Configurable.JsonBenchmarks", "validation\benchmarks\Assimalign.Extensions.Validation.Configurable.JsonBenchmarks\Assimalign.Extensions.Validation.Configurable.JsonBenchmarks.csproj", "{533B40B2-1B34-49F5-BA41-3CC692AFD559}"
EndProject
Project("{9A19103F-16F7-4668-BE54-9A1E7A4F7556}") = "Assimalign.Extensions.ValidationBenchmarks", "validation\benchmarks\Assimalign.Extensions.ValidationBenchmarks\Assimalign.Extensions.ValidationBenchmarks.csproj", "{C095D01C-0269-4261-9ADD-61A499B4E190}"
EndProject
Project("{2150E333-8FDC-42A3-9474-1A3956D46DE8}") = "src", "src", "{C749AE79-B304-4E54-B8A2-80B15840E6F7}"
EndProject
Project("{2150E333-8FDC-42A3-9474-1A3956D46DE8}") = "tests", "tests", "{D6D76B90-C33C-4285-9EB5-9C00E0B08F98}"
EndProject
Project("{2150E333-8FDC-42A3-9474-1A3956D46DE8}") = "build", "build", "{5C4CF706-D61A-411F-ADF6-A0E35BCFA708}"
	ProjectSection(SolutionItems) = preProject
		scheduling\Directory.Build.props = scheduling\Directory.Build.props
	EndProjectSection
EndProject
Project("{2150E333-8FDC-42A3-9474-1A3956D46DE8}") = "src", "src", "{6D8BE87E-1825-42C1-95DF-E3073C444226}"
EndProject
Project("{2150E333-8FDC-42A3-9474-1A3956D46DE8}") = "tests", "tests", "{FE93364E-0260-4BA2-A4D0-2B905949605D}"
EndProject
Project("{2150E333-8FDC-42A3-9474-1A3956D46DE8}") = "build", "build", "{C725EA3D-D2A3-47E5-A742-B0ADF9A8DE50}"
	ProjectSection(SolutionItems) = preProject
		text\Directory.Build.props = text\Directory.Build.props
	EndProjectSection
EndProject
Project("{9A19103F-16F7-4668-BE54-9A1E7A4F7556}") = "Assimalign.Extensions.Text.XmlTests", "text\tests\Assimalign.Extensions.Text.XmlTests\Assimalign.Extensions.Text.XmlTests.csproj", "{0D9EB500-F65B-440E-A1CD-3EFF1CAFEB0E}"
EndProject
Project("{9A19103F-16F7-4668-BE54-9A1E7A4F7556}") = "Assimalign.Extensions.Text.Xml", "text\src\Assimalign.Extensions.Text.Xml\Assimalign.Extensions.Text.Xml.csproj", "{497D2766-3718-4E96-A9CB-950B3457396B}"
EndProject
Project("{9A19103F-16F7-4668-BE54-9A1E7A4F7556}") = "Assimalign.Extensions.Scheduling", "scheduling\src\Assimalign.Extensions.Scheduling\Assimalign.Extensions.Scheduling.csproj", "{687C9231-09CE-496A-A29F-FE0DACED5E89}"
EndProject
Project("{9A19103F-16F7-4668-BE54-9A1E7A4F7556}") = "Assimalign.Extensions.SchedulingTests", "scheduling\tests\Assimalign.Extensions.SchedulingTests\Assimalign.Extensions.SchedulingTests.csproj", "{64E19F53-1F86-4E6A-9B3B-F023D1E7FE12}"
EndProject
Project("{2150E333-8FDC-42A3-9474-1A3956D46DE8}") = "src", "src", "{90737B3C-B712-487C-8377-920F6A97847E}"
EndProject
Project("{2150E333-8FDC-42A3-9474-1A3956D46DE8}") = "tests", "tests", "{C17B5BFD-D407-408D-AE86-9854BEAD910C}"
EndProject
Project("{2150E333-8FDC-42A3-9474-1A3956D46DE8}") = "build", "build", "{A08255E5-92E9-45ED-94DA-0FDF2329925F}"
	ProjectSection(SolutionItems) = preProject
		pooling\Directory.Build.props = pooling\Directory.Build.props
	EndProjectSection
EndProject
Project("{9A19103F-16F7-4668-BE54-9A1E7A4F7556}") = "Assimalign.Extensions.ObjectPool", "pooling\src\Assimalign.Extensions.ObjectPool\Assimalign.Extensions.ObjectPool.csproj", "{DAB47855-41D4-4FDA-BA21-B1ED08C18F01}"
EndProject
Project("{2150E333-8FDC-42A3-9474-1A3956D46DE8}") = "workflows", "workflows", "{574402EA-DFB4-4DCF-8181-F5AF17558510}"
	ProjectSection(SolutionItems) = preProject
		..\.github\workflows\assimalign.extensions.objectpool.yml = ..\.github\workflows\assimalign.extensions.objectpool.yml
	EndProjectSection
EndProject
Project("{2150E333-8FDC-42A3-9474-1A3956D46DE8}") = "workflows", "workflows", "{88AFCDF8-6BD9-46B4-9BA8-6724A0C2F3F6}"
EndProject
Project("{2150E333-8FDC-42A3-9474-1A3956D46DE8}") = "workflows", "workflows", "{B3C3230C-A881-49CD-A8D2-8F000AB94BBB}"
	ProjectSection(SolutionItems) = preProject
		..\.github\workflows\assimalign.extensions.scheduling.yml = ..\.github\workflows\assimalign.extensions.scheduling.yml
	EndProjectSection
EndProject
Project("{2150E333-8FDC-42A3-9474-1A3956D46DE8}") = "src", "src", "{6F977816-0AD0-4D55-BBFF-65F545FFAAA4}"
EndProject
Project("{2150E333-8FDC-42A3-9474-1A3956D46DE8}") = "build", "build", "{B386F3FC-9736-43B1-A1F9-2193C733771A}"
	ProjectSection(SolutionItems) = preProject
		mapping\Directory.Build.props = mapping\Directory.Build.props
	EndProjectSection
EndProject
Project("{2150E333-8FDC-42A3-9474-1A3956D46DE8}") = "tests", "tests", "{E4E64900-3E49-454D-9760-967AE3C0B557}"
EndProject
Project("{2150E333-8FDC-42A3-9474-1A3956D46DE8}") = "workflows", "workflows", "{947114A7-6105-4D5D-A984-EBDD37BF29DA}"
	ProjectSection(SolutionItems) = preProject
		..\.github\workflows\assimalign.extensions.options.yml = ..\.github\workflows\assimalign.extensions.options.yml
	EndProjectSection
EndProject
Project("{9A19103F-16F7-4668-BE54-9A1E7A4F7556}") = "Assimalign.Extensions.Options", "options\src\Assimalign.Extensions.Options\Assimalign.Extensions.Options.csproj", "{06CDE695-CF5D-4444-96B3-29507B6A8831}"
EndProject
Project("{9A19103F-16F7-4668-BE54-9A1E7A4F7556}") = "Assimalign.Extensions.MappingTests", "mapping\tests\Assimalign.Extensions.MappingTests\Assimalign.Extensions.MappingTests.csproj", "{C59EC3F8-711C-47E6-B7EA-677FCE178A4A}"
EndProject
Project("{2150E333-8FDC-42A3-9474-1A3956D46DE8}") = "src", "src", "{9606B392-7FC6-423B-9664-F78AFFDE0CA3}"
EndProject
Project("{2150E333-8FDC-42A3-9474-1A3956D46DE8}") = "workflows", "workflows", "{3EA70EE7-9706-442B-81B8-1519D11B9196}"
	ProjectSection(SolutionItems) = preProject
		..\.github\workflows\assimalign.extensions.net.http.yml = ..\.github\workflows\assimalign.extensions.net.http.yml
	EndProjectSection
EndProject
Project("{2150E333-8FDC-42A3-9474-1A3956D46DE8}") = "tests", "tests", "{F096912A-9925-4112-9FE8-5A982845E3FC}"
EndProject
Project("{2150E333-8FDC-42A3-9474-1A3956D46DE8}") = "src", "src", "{3422B1DE-7E14-412C-93CE-4FF893A84BF7}"
EndProject
Project("{2150E333-8FDC-42A3-9474-1A3956D46DE8}") = "tests", "tests", "{9C7711DD-8AEA-4C2F-B876-E8D90789265B}"
EndProject
Project("{2150E333-8FDC-42A3-9474-1A3956D46DE8}") = "workflows", "workflows", "{E9BB6759-7437-462E-AC0A-99634C2E4273}"
EndProject
Project("{2150E333-8FDC-42A3-9474-1A3956D46DE8}") = "build", "build", "{7886ED23-B0B9-4DC0-80B1-C72B82F27A9A}"
	ProjectSection(SolutionItems) = preProject
		logging\Directory.Build.props = logging\Directory.Build.props
	EndProjectSection
EndProject
Project("{2150E333-8FDC-42A3-9474-1A3956D46DE8}") = "src", "src", "{EC26D9A0-0DDE-4C2D-9907-674FBF4CDC15}"
EndProject
Project("{2150E333-8FDC-42A3-9474-1A3956D46DE8}") = "build", "build", "{6E3F8AEA-6196-4E7D-B330-785B20C5000E}"
	ProjectSection(SolutionItems) = preProject
		linq\Directory.Build.props = linq\Directory.Build.props
	EndProjectSection
EndProject
Project("{2150E333-8FDC-42A3-9474-1A3956D46DE8}") = "workflows", "workflows", "{4BFEF8F0-2F02-4EAE-AE10-35FDDC4665B9}"
	ProjectSection(SolutionItems) = preProject
		..\.github\workflows\assimalign.extensions.linq.serialization.binary.yml = ..\.github\workflows\assimalign.extensions.linq.serialization.binary.yml
		..\.github\workflows\assimalign.extensions.linq.serialization.json.yml = ..\.github\workflows\assimalign.extensions.linq.serialization.json.yml
		..\.github\workflows\assimalign.extensions.linq.serialization.text.yml = ..\.github\workflows\assimalign.extensions.linq.serialization.text.yml
		..\.github\workflows\assimalign.extensions.linq.serialization.xml.yml = ..\.github\workflows\assimalign.extensions.linq.serialization.xml.yml
		..\.github\workflows\assimalign.extensions.linq.serialization.yml = ..\.github\workflows\assimalign.extensions.linq.serialization.yml
	EndProjectSection
EndProject
Project("{2150E333-8FDC-42A3-9474-1A3956D46DE8}") = "tests", "tests", "{41D66E26-035B-4F19-9557-99A23D5549BD}"
EndProject
Project("{9A19103F-16F7-4668-BE54-9A1E7A4F7556}") = "Assimalign.Extensions.OptionsTests", "options\tests\Assimalign.Extensions.OptionsTests\Assimalign.Extensions.OptionsTests.csproj", "{164772AA-CB5C-4F3D-9C47-9F41B85886AE}"
EndProject
Project("{9A19103F-16F7-4668-BE54-9A1E7A4F7556}") = "Assimalign.Extensions.Net.Http", "net\src\Assimalign.Extensions.Net.Http\Assimalign.Extensions.Net.Http.csproj", "{16ED7846-1EDF-48D3-9C34-7F5F8D18E02E}"
EndProject
Project("{9A19103F-16F7-4668-BE54-9A1E7A4F7556}") = "Assimalign.Extensions.Net.HttpTests", "net\tests\Assimalign.Extensions.Net.HttpTests\Assimalign.Extensions.Net.HttpTests.csproj", "{97D500A8-5998-4C1F-9915-18DD2D02CFE9}"
EndProject
Project("{2150E333-8FDC-42A3-9474-1A3956D46DE8}") = "build", "build", "{CA52A049-2345-4F2E-9204-205E357F4FA6}"
	ProjectSection(SolutionItems) = preProject
		net\Directory.Build.props = net\Directory.Build.props
	EndProjectSection
EndProject
Project("{9A19103F-16F7-4668-BE54-9A1E7A4F7556}") = "Assimalign.Extensions.Logging", "logging\src\Assimalign.Extensions.Logging\Assimalign.Extensions.Logging.csproj", "{F5E4EAED-5AAE-4D2B-8F19-1303502A37F0}"
EndProject
Project("{9A19103F-16F7-4668-BE54-9A1E7A4F7556}") = "Assimalign.Extensions.Logging.Configuration", "logging\src\Assimalign.Extensions.Logging.Configuration\Assimalign.Extensions.Logging.Configuration.csproj", "{FA5CCF83-EBF1-40B0-89A4-FFCF5DC9C2FE}"
EndProject
Project("{9A19103F-16F7-4668-BE54-9A1E7A4F7556}") = "Assimalign.Extensions.Logging.Console", "logging\src\Assimalign.Extensions.Logging.Console\Assimalign.Extensions.Logging.Console.csproj", "{A5BCF5F7-FF16-44A9-B030-1E223C0FEDEB}"
EndProject
Project("{9A19103F-16F7-4668-BE54-9A1E7A4F7556}") = "Assimalign.Extensions.Logging.Debug", "logging\src\Assimalign.Extensions.Logging.Debug\Assimalign.Extensions.Logging.Debug.csproj", "{85111686-303C-406B-A819-03F35E58937D}"
EndProject
Project("{9A19103F-16F7-4668-BE54-9A1E7A4F7556}") = "Assimalign.Extensions.Logging.EventLog", "logging\src\Assimalign.Extensions.Logging.EventLog\Assimalign.Extensions.Logging.EventLog.csproj", "{F14ED069-6A23-422F-8BE6-46128852A7D7}"
EndProject
Project("{9A19103F-16F7-4668-BE54-9A1E7A4F7556}") = "Assimalign.Extensions.Logging.EventSource", "logging\src\Assimalign.Extensions.Logging.EventSource\Assimalign.Extensions.Logging.EventSource.csproj", "{6F79266A-4D18-40A0-B21D-BA9FAA3880CC}"
EndProject
Project("{2150E333-8FDC-42A3-9474-1A3956D46DE8}") = "src", "src", "{62FAEAE4-250A-41D6-BF11-74B67387798E}"
EndProject
Project("{2150E333-8FDC-42A3-9474-1A3956D46DE8}") = "build", "build", "{D0BE906D-B2C3-4166-93AF-5874BDD4154B}"
	ProjectSection(SolutionItems) = preProject
		file\Directory.Build.props = file\Directory.Build.props
	EndProjectSection
EndProject
Project("{2150E333-8FDC-42A3-9474-1A3956D46DE8}") = "tests", "tests", "{53EA8CA4-26B0-43F2-B62C-ECF9B741AB25}"
EndProject
Project("{2150E333-8FDC-42A3-9474-1A3956D46DE8}") = "workflows", "workflows", "{15769742-D778-4971-903D-212E1CB68714}"
EndProject
Project("{2150E333-8FDC-42A3-9474-1A3956D46DE8}") = "src", "src", "{781A75CD-C066-484A-9972-B076FD9DFA5F}"
EndProject
Project("{2150E333-8FDC-42A3-9474-1A3956D46DE8}") = "tests", "tests", "{A705426E-3828-4621-AA4B-5BD8CE92F00B}"
EndProject
Project("{2150E333-8FDC-42A3-9474-1A3956D46DE8}") = "build", "build", "{DD4A570E-01FC-4550-97D8-5F0FDE040B14}"
	ProjectSection(SolutionItems) = preProject
		diagnostics\Directory.Build.props = diagnostics\Directory.Build.props
	EndProjectSection
EndProject
Project("{2150E333-8FDC-42A3-9474-1A3956D46DE8}") = "workflows", "workflows", "{B3C51B11-4A3F-4714-A6ED-AFACDEFBA23B}"
EndProject
Project("{2150E333-8FDC-42A3-9474-1A3956D46DE8}") = "src", "src", "{6BEDBF5B-9C60-4E1A-ACD8-F409B86C3009}"
EndProject
Project("{2150E333-8FDC-42A3-9474-1A3956D46DE8}") = "build", "build", "{C92B4CF5-011A-4B05-A49F-6E66CFE6B737}"
	ProjectSection(SolutionItems) = preProject
		di\Directory.Build.props = di\Directory.Build.props
	EndProjectSection
EndProject
Project("{2150E333-8FDC-42A3-9474-1A3956D46DE8}") = "workflows", "workflows", "{1A7B8D97-49D5-48C2-9F23-688A94BBA52D}"
	ProjectSection(SolutionItems) = preProject
		..\.github\workflows\assimalign.extensions.dependencyinjection.yml = ..\.github\workflows\assimalign.extensions.dependencyinjection.yml
	EndProjectSection
EndProject
Project("{2150E333-8FDC-42A3-9474-1A3956D46DE8}") = "tests", "tests", "{2A8A56CF-D397-4785-A96F-59C7C6E482DF}"
EndProject
Project("{2150E333-8FDC-42A3-9474-1A3956D46DE8}") = "src", "src", "{545C55AB-C4B2-4DC5-B5BF-7F0D2F0B9D59}"
EndProject
Project("{2150E333-8FDC-42A3-9474-1A3956D46DE8}") = "workflows", "workflows", "{E17E505C-01BD-4968-9BCF-161C843E2F47}"
	ProjectSection(SolutionItems) = preProject
		..\.github\workflows\assimalign.extensions.hosting.yml = ..\.github\workflows\assimalign.extensions.hosting.yml
	EndProjectSection
EndProject
Project("{2150E333-8FDC-42A3-9474-1A3956D46DE8}") = "tests", "tests", "{0780605A-C864-4A3F-A4DF-701C59C88C10}"
EndProject
Project("{2150E333-8FDC-42A3-9474-1A3956D46DE8}") = "build", "build", "{17955E1B-F49B-4109-A33E-E61FF93A1A08}"
	ProjectSection(SolutionItems) = preProject
		hosting\Directory.Build.props = hosting\Directory.Build.props
	EndProjectSection
EndProject
Project("{9A19103F-16F7-4668-BE54-9A1E7A4F7556}") = "Assimalign.Extensions.Configuration", "configuration\src\Assimalign.Extensions.Configuration\Assimalign.Extensions.Configuration.csproj", "{1B541B3B-A461-4C76-AB3F-9C5E719AF243}"
EndProject
Project("{9A19103F-16F7-4668-BE54-9A1E7A4F7556}") = "Assimalign.Extensions.Configuration.Binder", "configuration\src\Assimalign.Extensions.Configuration.Binder\Assimalign.Extensions.Configuration.Binder.csproj", "{887106B1-9E69-48A9-8216-7E317BA66A2D}"
EndProject
Project("{9A19103F-16F7-4668-BE54-9A1E7A4F7556}") = "Assimalign.Extensions.Configuration.CommandLine", "configuration\src\Assimalign.Extensions.Configuration.CommandLine\Assimalign.Extensions.Configuration.CommandLine.csproj", "{C2F98FFD-759C-4627-BE65-7728694D1498}"
EndProject
Project("{9A19103F-16F7-4668-BE54-9A1E7A4F7556}") = "Assimalign.Extensions.Configuration.EnvironmentVariables", "configuration\src\Assimalign.Extensions.Configuration.EnvironmentVariables\Assimalign.Extensions.Configuration.EnvironmentVariables.csproj", "{4CCCB07F-933A-421B-922B-F008F6F928FC}"
EndProject
Project("{9A19103F-16F7-4668-BE54-9A1E7A4F7556}") = "Assimalign.Extensions.Configuration.FileExtensions", "configuration\src\Assimalign.Extensions.Configuration.FileExtensions\Assimalign.Extensions.Configuration.FileExtensions.csproj", "{1A5133C9-A90B-4002-9C7E-C81E67CD06C9}"
EndProject
Project("{9A19103F-16F7-4668-BE54-9A1E7A4F7556}") = "Assimalign.Extensions.Configuration.Json", "configuration\src\Assimalign.Extensions.Configuration.Json\Assimalign.Extensions.Configuration.Json.csproj", "{52AFB613-D345-4B9E-8529-4E5F88B9BCB9}"
EndProject
Project("{9A19103F-16F7-4668-BE54-9A1E7A4F7556}") = "Assimalign.Extensions.Configuration.Xml", "configuration\src\Assimalign.Extensions.Configuration.Xml\Assimalign.Extensions.Configuration.Xml.csproj", "{F8E555B9-04A4-48EE-B61D-F983D83D4D33}"
EndProject
Project("{9A19103F-16F7-4668-BE54-9A1E7A4F7556}") = "Assimalign.Extensions.DependencyInjection", "di\src\Assimalign.Extensions.DependencyInjection\Assimalign.Extensions.DependencyInjection.csproj", "{8F9A3102-0653-4A5A-B1F9-C25576D06C54}"
EndProject
Project("{9A19103F-16F7-4668-BE54-9A1E7A4F7556}") = "Assimalign.Extensions.DependencyInjectionTests", "di\tests\Assimalign.Extensions.DependencyInjectionTests\Assimalign.Extensions.DependencyInjectionTests.csproj", "{CCD9B929-6879-4044-82C5-3A8C6413E629}"
EndProject
Project("{9A19103F-16F7-4668-BE54-9A1E7A4F7556}") = "Assimalign.Extensions.Diagnostics", "diagnostics\src\Assimalign.Extensions.Diagnostics\Assimalign.Extensions.Diagnostics.csproj", "{A67D818F-3315-41E0-B555-A871617D8F5A}"
EndProject
Project("{9A19103F-16F7-4668-BE54-9A1E7A4F7556}") = "Assimalign.Extensions.FileProviders", "file\src\Assimalign.Extensions.FileProviders\Assimalign.Extensions.FileProviders.csproj", "{67C7E836-F500-494D-AC84-9C54195E2B49}"
EndProject
Project("{9A19103F-16F7-4668-BE54-9A1E7A4F7556}") = "Assimalign.Extensions.FileSystemGlobbing", "file\src\Assimalign.Extensions.FileSystemGlobbing\Assimalign.Extensions.FileSystemGlobbing.csproj", "{5D6918ED-8020-4364-A360-295E95DEB0C5}"
EndProject
Project("{9A19103F-16F7-4668-BE54-9A1E7A4F7556}") = "Assimalign.Extensions.Hosting", "hosting\src\Assimalign.Extensions.Hosting\Assimalign.Extensions.Hosting.csproj", "{980C3E2F-3ADD-4274-98CB-D87BA3005B35}"
EndProject
Project("{2150E333-8FDC-42A3-9474-1A3956D46DE8}") = "core", "core", "{6B0C8BA2-B684-4317-AD21-358E2B082E84}"
EndProject
Project("{9A19103F-16F7-4668-BE54-9A1E7A4F7556}") = "Assimalign.Extensions.LifeCycle", "common\src\Assimalign.Extensions.LifeCycle\Assimalign.Extensions.LifeCycle.csproj", "{807ECC6A-8B32-4F1D-BD4C-FFE6E86CAE9B}"
EndProject
Project("{9A19103F-16F7-4668-BE54-9A1E7A4F7556}") = "Assimalign.Extensions.Linq.Serialization", "linq\src\Assimalign.Extensions.Linq.Serialization\Assimalign.Extensions.Linq.Serialization.csproj", "{0362A885-3272-4030-A47C-C1B0D3217501}"
EndProject
Project("{9A19103F-16F7-4668-BE54-9A1E7A4F7556}") = "Assimalign.Extensions.Linq.Serialization.Binary", "linq\src\Assimalign.Extensions.Linq.Serialization.Binary\Assimalign.Extensions.Linq.Serialization.Binary.csproj", "{77B9192E-4517-4049-8CCE-B7F1B8C91F18}"
EndProject
Project("{9A19103F-16F7-4668-BE54-9A1E7A4F7556}") = "Assimalign.Extensions.Linq.Serialization.Json", "linq\src\Assimalign.Extensions.Linq.Serialization.Json\Assimalign.Extensions.Linq.Serialization.Json.csproj", "{7E3FAE83-7F62-48B8-B016-7AAA8BC01BAA}"
EndProject
Project("{9A19103F-16F7-4668-BE54-9A1E7A4F7556}") = "Assimalign.Extensions.Linq.Serialization.Text", "linq\src\Assimalign.Extensions.Linq.Serialization.Text\Assimalign.Extensions.Linq.Serialization.Text.csproj", "{23FDB668-2BB2-44D9-9264-A7E700F219AF}"
EndProject
Project("{9A19103F-16F7-4668-BE54-9A1E7A4F7556}") = "Assimalign.Extensions.Linq.Serialization.Xml", "linq\src\Assimalign.Extensions.Linq.Serialization.Xml\Assimalign.Extensions.Linq.Serialization.Xml.csproj", "{3EE1DCDC-656A-45C4-94D2-7D5BADB8B840}"
EndProject
Project("{9A19103F-16F7-4668-BE54-9A1E7A4F7556}") = "Assimalign.Extensions.DependencyInjection.Options", "di\src\Assimalign.Extensions.DependencyInjection.Options\Assimalign.Extensions.DependencyInjection.Options.csproj", "{DE5B4249-9CBD-421D-B827-202AF661EE79}"
EndProject
Project("{9A19103F-16F7-4668-BE54-9A1E7A4F7556}") = "Assimalign.Extensions.DependencyInjection.Http", "di\src\Assimalign.Extensions.DependencyInjection.Http\Assimalign.Extensions.DependencyInjection.Http.csproj", "{2033D439-4985-485F-8AEB-86B3E0E8AAD0}"
EndProject
Project("{9A19103F-16F7-4668-BE54-9A1E7A4F7556}") = "Assimalign.Extensions.Net", "net\src\Assimalign.Extensions.Net\Assimalign.Extensions.Net.csproj", "{912F9877-44A7-48FE-98C0-21743B2120C2}"
EndProject
Project("{9A19103F-16F7-4668-BE54-9A1E7A4F7556}") = "Assimalign.Extensions.Core", "core\src\Assimalign.Extensions.Core\Assimalign.Extensions.Core.csproj", "{1410A9ED-D7CA-46FC-A044-BF468BF1B663}"
EndProject
Project("{9A19103F-16F7-4668-BE54-9A1E7A4F7556}") = "Assimalign.Extensions.Linq.SerializationTests", "linq\tests\Assimalign.Extensions.Linq.SerializationTests\Assimalign.Extensions.Linq.SerializationTests.csproj", "{14B0CF34-649A-4E4B-9F3D-CDC408E1E1CE}"
EndProject
Project("{9A19103F-16F7-4668-BE54-9A1E7A4F7556}") = "Assimalign.Extensions.DependencyInjection.Mapping", "di\src\Assimalign.Extensions.DependencyInjection.Mapping\Assimalign.Extensions.DependencyInjection.Mapping.csproj", "{69DFC51D-8AA4-439F-958D-A495114A11BC}"
EndProject
Project("{9A19103F-16F7-4668-BE54-9A1E7A4F7556}") = "Assimalign.Extensions.DependencyInjection.Validation", "di\src\Assimalign.Extensions.DependencyInjection.Validation\Assimalign.Extensions.DependencyInjection.Validation.csproj", "{C20A249B-68D6-44AE-B1A7-6A4B32882F11}"
EndProject
Project("{2150E333-8FDC-42A3-9474-1A3956D46DE8}") = "docs", "docs", "{0CFCC4B2-5DC7-49EF-A995-4D458403874F}"
	ProjectSection(SolutionItems) = preProject
		..\README.md = ..\README.md
	EndProjectSection
EndProject
Project("{2150E333-8FDC-42A3-9474-1A3956D46DE8}") = "docs", "docs", "{1D6645A0-2632-4AE3-B9D7-0073AE626882}"
	ProjectSection(SolutionItems) = preProject
		validation\README.md = validation\README.md
	EndProjectSection
EndProject
Project("{FAE04EC0-301F-11D3-BF4B-00C04F79EFBC}") = "Assimalign.Extensions.Text.Json.Schema", "text\src\Assimalign.Extensions.Text.Json.Schema\Assimalign.Extensions.Text.Json.Schema.csproj", "{0E7B187F-E07A-42AB-BAF3-5219042FDEDC}"
EndProject
Global
	GlobalSection(SolutionConfigurationPlatforms) = preSolution
		Debug|Any CPU = Debug|Any CPU
		Release|Any CPU = Release|Any CPU
	EndGlobalSection
	GlobalSection(ProjectConfigurationPlatforms) = postSolution
		{E9DC98EC-82AD-4251-9D66-D2208D36B37B}.Debug|Any CPU.ActiveCfg = Debug|Any CPU
		{E9DC98EC-82AD-4251-9D66-D2208D36B37B}.Debug|Any CPU.Build.0 = Debug|Any CPU
		{E9DC98EC-82AD-4251-9D66-D2208D36B37B}.Release|Any CPU.ActiveCfg = Release|Any CPU
		{E9DC98EC-82AD-4251-9D66-D2208D36B37B}.Release|Any CPU.Build.0 = Release|Any CPU
		{49A2C104-73E6-47D7-9820-B3BA613F2D3A}.Debug|Any CPU.ActiveCfg = Debug|Any CPU
		{49A2C104-73E6-47D7-9820-B3BA613F2D3A}.Debug|Any CPU.Build.0 = Debug|Any CPU
		{49A2C104-73E6-47D7-9820-B3BA613F2D3A}.Release|Any CPU.ActiveCfg = Release|Any CPU
		{49A2C104-73E6-47D7-9820-B3BA613F2D3A}.Release|Any CPU.Build.0 = Release|Any CPU
		{9E9F99FD-F762-4D00-8B7D-0B185DE96DF8}.Debug|Any CPU.ActiveCfg = Debug|Any CPU
		{9E9F99FD-F762-4D00-8B7D-0B185DE96DF8}.Debug|Any CPU.Build.0 = Debug|Any CPU
		{9E9F99FD-F762-4D00-8B7D-0B185DE96DF8}.Release|Any CPU.ActiveCfg = Release|Any CPU
		{9E9F99FD-F762-4D00-8B7D-0B185DE96DF8}.Release|Any CPU.Build.0 = Release|Any CPU
		{E2355536-17B2-4627-801C-0F786B534B0A}.Debug|Any CPU.ActiveCfg = Debug|Any CPU
		{E2355536-17B2-4627-801C-0F786B534B0A}.Debug|Any CPU.Build.0 = Debug|Any CPU
		{E2355536-17B2-4627-801C-0F786B534B0A}.Release|Any CPU.ActiveCfg = Release|Any CPU
		{E2355536-17B2-4627-801C-0F786B534B0A}.Release|Any CPU.Build.0 = Release|Any CPU
		{D065205A-4571-4277-8293-080F74609DB5}.Debug|Any CPU.ActiveCfg = Debug|Any CPU
		{D065205A-4571-4277-8293-080F74609DB5}.Debug|Any CPU.Build.0 = Debug|Any CPU
		{D065205A-4571-4277-8293-080F74609DB5}.Release|Any CPU.ActiveCfg = Release|Any CPU
		{D065205A-4571-4277-8293-080F74609DB5}.Release|Any CPU.Build.0 = Release|Any CPU
		{CE6C7860-AD1E-4666-8DB7-06A53BA918D1}.Debug|Any CPU.ActiveCfg = Debug|Any CPU
		{CE6C7860-AD1E-4666-8DB7-06A53BA918D1}.Debug|Any CPU.Build.0 = Debug|Any CPU
		{CE6C7860-AD1E-4666-8DB7-06A53BA918D1}.Release|Any CPU.ActiveCfg = Release|Any CPU
		{CE6C7860-AD1E-4666-8DB7-06A53BA918D1}.Release|Any CPU.Build.0 = Release|Any CPU
		{2AFB47FB-64CB-4F96-863C-DAA39C5751A8}.Debug|Any CPU.ActiveCfg = Debug|Any CPU
		{2AFB47FB-64CB-4F96-863C-DAA39C5751A8}.Debug|Any CPU.Build.0 = Debug|Any CPU
		{2AFB47FB-64CB-4F96-863C-DAA39C5751A8}.Release|Any CPU.ActiveCfg = Release|Any CPU
		{2AFB47FB-64CB-4F96-863C-DAA39C5751A8}.Release|Any CPU.Build.0 = Release|Any CPU
		{ED75E57E-1D57-4527-97FA-2C80C1E7058B}.Debug|Any CPU.ActiveCfg = Debug|Any CPU
		{ED75E57E-1D57-4527-97FA-2C80C1E7058B}.Debug|Any CPU.Build.0 = Debug|Any CPU
		{ED75E57E-1D57-4527-97FA-2C80C1E7058B}.Release|Any CPU.ActiveCfg = Release|Any CPU
		{ED75E57E-1D57-4527-97FA-2C80C1E7058B}.Release|Any CPU.Build.0 = Release|Any CPU
		{792D6CEF-6E1D-4FFC-AB9C-58BBE0BC63EB}.Debug|Any CPU.ActiveCfg = Debug|Any CPU
		{792D6CEF-6E1D-4FFC-AB9C-58BBE0BC63EB}.Debug|Any CPU.Build.0 = Debug|Any CPU
		{792D6CEF-6E1D-4FFC-AB9C-58BBE0BC63EB}.Release|Any CPU.ActiveCfg = Release|Any CPU
		{792D6CEF-6E1D-4FFC-AB9C-58BBE0BC63EB}.Release|Any CPU.Build.0 = Release|Any CPU
		{F00D3A59-D15A-4F70-B219-3962B63BF6AE}.Debug|Any CPU.ActiveCfg = Debug|Any CPU
		{F00D3A59-D15A-4F70-B219-3962B63BF6AE}.Debug|Any CPU.Build.0 = Debug|Any CPU
		{F00D3A59-D15A-4F70-B219-3962B63BF6AE}.Release|Any CPU.ActiveCfg = Release|Any CPU
		{F00D3A59-D15A-4F70-B219-3962B63BF6AE}.Release|Any CPU.Build.0 = Release|Any CPU
		{533B40B2-1B34-49F5-BA41-3CC692AFD559}.Debug|Any CPU.ActiveCfg = Debug|Any CPU
		{533B40B2-1B34-49F5-BA41-3CC692AFD559}.Debug|Any CPU.Build.0 = Debug|Any CPU
		{533B40B2-1B34-49F5-BA41-3CC692AFD559}.Release|Any CPU.ActiveCfg = Release|Any CPU
		{533B40B2-1B34-49F5-BA41-3CC692AFD559}.Release|Any CPU.Build.0 = Release|Any CPU
		{C095D01C-0269-4261-9ADD-61A499B4E190}.Debug|Any CPU.ActiveCfg = Debug|Any CPU
		{C095D01C-0269-4261-9ADD-61A499B4E190}.Debug|Any CPU.Build.0 = Debug|Any CPU
		{C095D01C-0269-4261-9ADD-61A499B4E190}.Release|Any CPU.ActiveCfg = Release|Any CPU
		{C095D01C-0269-4261-9ADD-61A499B4E190}.Release|Any CPU.Build.0 = Release|Any CPU
		{0D9EB500-F65B-440E-A1CD-3EFF1CAFEB0E}.Debug|Any CPU.ActiveCfg = Debug|Any CPU
		{0D9EB500-F65B-440E-A1CD-3EFF1CAFEB0E}.Debug|Any CPU.Build.0 = Debug|Any CPU
		{0D9EB500-F65B-440E-A1CD-3EFF1CAFEB0E}.Release|Any CPU.ActiveCfg = Release|Any CPU
		{0D9EB500-F65B-440E-A1CD-3EFF1CAFEB0E}.Release|Any CPU.Build.0 = Release|Any CPU
		{497D2766-3718-4E96-A9CB-950B3457396B}.Debug|Any CPU.ActiveCfg = Debug|Any CPU
		{497D2766-3718-4E96-A9CB-950B3457396B}.Debug|Any CPU.Build.0 = Debug|Any CPU
		{497D2766-3718-4E96-A9CB-950B3457396B}.Release|Any CPU.ActiveCfg = Release|Any CPU
		{497D2766-3718-4E96-A9CB-950B3457396B}.Release|Any CPU.Build.0 = Release|Any CPU
		{687C9231-09CE-496A-A29F-FE0DACED5E89}.Debug|Any CPU.ActiveCfg = Debug|Any CPU
		{687C9231-09CE-496A-A29F-FE0DACED5E89}.Debug|Any CPU.Build.0 = Debug|Any CPU
		{687C9231-09CE-496A-A29F-FE0DACED5E89}.Release|Any CPU.ActiveCfg = Release|Any CPU
		{687C9231-09CE-496A-A29F-FE0DACED5E89}.Release|Any CPU.Build.0 = Release|Any CPU
		{64E19F53-1F86-4E6A-9B3B-F023D1E7FE12}.Debug|Any CPU.ActiveCfg = Debug|Any CPU
		{64E19F53-1F86-4E6A-9B3B-F023D1E7FE12}.Debug|Any CPU.Build.0 = Debug|Any CPU
		{64E19F53-1F86-4E6A-9B3B-F023D1E7FE12}.Release|Any CPU.ActiveCfg = Release|Any CPU
		{64E19F53-1F86-4E6A-9B3B-F023D1E7FE12}.Release|Any CPU.Build.0 = Release|Any CPU
		{DAB47855-41D4-4FDA-BA21-B1ED08C18F01}.Debug|Any CPU.ActiveCfg = Debug|Any CPU
		{DAB47855-41D4-4FDA-BA21-B1ED08C18F01}.Debug|Any CPU.Build.0 = Debug|Any CPU
		{DAB47855-41D4-4FDA-BA21-B1ED08C18F01}.Release|Any CPU.ActiveCfg = Release|Any CPU
		{DAB47855-41D4-4FDA-BA21-B1ED08C18F01}.Release|Any CPU.Build.0 = Release|Any CPU
		{06CDE695-CF5D-4444-96B3-29507B6A8831}.Debug|Any CPU.ActiveCfg = Debug|Any CPU
		{06CDE695-CF5D-4444-96B3-29507B6A8831}.Debug|Any CPU.Build.0 = Debug|Any CPU
		{06CDE695-CF5D-4444-96B3-29507B6A8831}.Release|Any CPU.ActiveCfg = Release|Any CPU
		{06CDE695-CF5D-4444-96B3-29507B6A8831}.Release|Any CPU.Build.0 = Release|Any CPU
		{C59EC3F8-711C-47E6-B7EA-677FCE178A4A}.Debug|Any CPU.ActiveCfg = Debug|Any CPU
		{C59EC3F8-711C-47E6-B7EA-677FCE178A4A}.Debug|Any CPU.Build.0 = Debug|Any CPU
		{C59EC3F8-711C-47E6-B7EA-677FCE178A4A}.Release|Any CPU.ActiveCfg = Release|Any CPU
		{C59EC3F8-711C-47E6-B7EA-677FCE178A4A}.Release|Any CPU.Build.0 = Release|Any CPU
		{164772AA-CB5C-4F3D-9C47-9F41B85886AE}.Debug|Any CPU.ActiveCfg = Debug|Any CPU
		{164772AA-CB5C-4F3D-9C47-9F41B85886AE}.Debug|Any CPU.Build.0 = Debug|Any CPU
		{164772AA-CB5C-4F3D-9C47-9F41B85886AE}.Release|Any CPU.ActiveCfg = Release|Any CPU
		{164772AA-CB5C-4F3D-9C47-9F41B85886AE}.Release|Any CPU.Build.0 = Release|Any CPU
		{16ED7846-1EDF-48D3-9C34-7F5F8D18E02E}.Debug|Any CPU.ActiveCfg = Debug|Any CPU
		{16ED7846-1EDF-48D3-9C34-7F5F8D18E02E}.Debug|Any CPU.Build.0 = Debug|Any CPU
		{16ED7846-1EDF-48D3-9C34-7F5F8D18E02E}.Release|Any CPU.ActiveCfg = Release|Any CPU
		{16ED7846-1EDF-48D3-9C34-7F5F8D18E02E}.Release|Any CPU.Build.0 = Release|Any CPU
		{97D500A8-5998-4C1F-9915-18DD2D02CFE9}.Debug|Any CPU.ActiveCfg = Debug|Any CPU
		{97D500A8-5998-4C1F-9915-18DD2D02CFE9}.Debug|Any CPU.Build.0 = Debug|Any CPU
		{97D500A8-5998-4C1F-9915-18DD2D02CFE9}.Release|Any CPU.ActiveCfg = Release|Any CPU
		{97D500A8-5998-4C1F-9915-18DD2D02CFE9}.Release|Any CPU.Build.0 = Release|Any CPU
		{F5E4EAED-5AAE-4D2B-8F19-1303502A37F0}.Debug|Any CPU.ActiveCfg = Debug|Any CPU
		{F5E4EAED-5AAE-4D2B-8F19-1303502A37F0}.Debug|Any CPU.Build.0 = Debug|Any CPU
		{F5E4EAED-5AAE-4D2B-8F19-1303502A37F0}.Release|Any CPU.ActiveCfg = Release|Any CPU
		{F5E4EAED-5AAE-4D2B-8F19-1303502A37F0}.Release|Any CPU.Build.0 = Release|Any CPU
		{FA5CCF83-EBF1-40B0-89A4-FFCF5DC9C2FE}.Debug|Any CPU.ActiveCfg = Debug|Any CPU
		{FA5CCF83-EBF1-40B0-89A4-FFCF5DC9C2FE}.Debug|Any CPU.Build.0 = Debug|Any CPU
		{FA5CCF83-EBF1-40B0-89A4-FFCF5DC9C2FE}.Release|Any CPU.ActiveCfg = Release|Any CPU
		{FA5CCF83-EBF1-40B0-89A4-FFCF5DC9C2FE}.Release|Any CPU.Build.0 = Release|Any CPU
		{A5BCF5F7-FF16-44A9-B030-1E223C0FEDEB}.Debug|Any CPU.ActiveCfg = Debug|Any CPU
		{A5BCF5F7-FF16-44A9-B030-1E223C0FEDEB}.Debug|Any CPU.Build.0 = Debug|Any CPU
		{A5BCF5F7-FF16-44A9-B030-1E223C0FEDEB}.Release|Any CPU.ActiveCfg = Release|Any CPU
		{A5BCF5F7-FF16-44A9-B030-1E223C0FEDEB}.Release|Any CPU.Build.0 = Release|Any CPU
		{85111686-303C-406B-A819-03F35E58937D}.Debug|Any CPU.ActiveCfg = Debug|Any CPU
		{85111686-303C-406B-A819-03F35E58937D}.Debug|Any CPU.Build.0 = Debug|Any CPU
		{85111686-303C-406B-A819-03F35E58937D}.Release|Any CPU.ActiveCfg = Release|Any CPU
		{85111686-303C-406B-A819-03F35E58937D}.Release|Any CPU.Build.0 = Release|Any CPU
		{F14ED069-6A23-422F-8BE6-46128852A7D7}.Debug|Any CPU.ActiveCfg = Debug|Any CPU
		{F14ED069-6A23-422F-8BE6-46128852A7D7}.Debug|Any CPU.Build.0 = Debug|Any CPU
		{F14ED069-6A23-422F-8BE6-46128852A7D7}.Release|Any CPU.ActiveCfg = Release|Any CPU
		{F14ED069-6A23-422F-8BE6-46128852A7D7}.Release|Any CPU.Build.0 = Release|Any CPU
		{6F79266A-4D18-40A0-B21D-BA9FAA3880CC}.Debug|Any CPU.ActiveCfg = Debug|Any CPU
		{6F79266A-4D18-40A0-B21D-BA9FAA3880CC}.Debug|Any CPU.Build.0 = Debug|Any CPU
		{6F79266A-4D18-40A0-B21D-BA9FAA3880CC}.Release|Any CPU.ActiveCfg = Release|Any CPU
		{6F79266A-4D18-40A0-B21D-BA9FAA3880CC}.Release|Any CPU.Build.0 = Release|Any CPU
		{1B541B3B-A461-4C76-AB3F-9C5E719AF243}.Debug|Any CPU.ActiveCfg = Debug|Any CPU
		{1B541B3B-A461-4C76-AB3F-9C5E719AF243}.Debug|Any CPU.Build.0 = Debug|Any CPU
		{1B541B3B-A461-4C76-AB3F-9C5E719AF243}.Release|Any CPU.ActiveCfg = Release|Any CPU
		{1B541B3B-A461-4C76-AB3F-9C5E719AF243}.Release|Any CPU.Build.0 = Release|Any CPU
		{887106B1-9E69-48A9-8216-7E317BA66A2D}.Debug|Any CPU.ActiveCfg = Debug|Any CPU
		{887106B1-9E69-48A9-8216-7E317BA66A2D}.Debug|Any CPU.Build.0 = Debug|Any CPU
		{887106B1-9E69-48A9-8216-7E317BA66A2D}.Release|Any CPU.ActiveCfg = Release|Any CPU
		{887106B1-9E69-48A9-8216-7E317BA66A2D}.Release|Any CPU.Build.0 = Release|Any CPU
		{C2F98FFD-759C-4627-BE65-7728694D1498}.Debug|Any CPU.ActiveCfg = Debug|Any CPU
		{C2F98FFD-759C-4627-BE65-7728694D1498}.Debug|Any CPU.Build.0 = Debug|Any CPU
		{C2F98FFD-759C-4627-BE65-7728694D1498}.Release|Any CPU.ActiveCfg = Release|Any CPU
		{C2F98FFD-759C-4627-BE65-7728694D1498}.Release|Any CPU.Build.0 = Release|Any CPU
		{4CCCB07F-933A-421B-922B-F008F6F928FC}.Debug|Any CPU.ActiveCfg = Debug|Any CPU
		{4CCCB07F-933A-421B-922B-F008F6F928FC}.Debug|Any CPU.Build.0 = Debug|Any CPU
		{4CCCB07F-933A-421B-922B-F008F6F928FC}.Release|Any CPU.ActiveCfg = Release|Any CPU
		{4CCCB07F-933A-421B-922B-F008F6F928FC}.Release|Any CPU.Build.0 = Release|Any CPU
		{1A5133C9-A90B-4002-9C7E-C81E67CD06C9}.Debug|Any CPU.ActiveCfg = Debug|Any CPU
		{1A5133C9-A90B-4002-9C7E-C81E67CD06C9}.Debug|Any CPU.Build.0 = Debug|Any CPU
		{1A5133C9-A90B-4002-9C7E-C81E67CD06C9}.Release|Any CPU.ActiveCfg = Release|Any CPU
		{1A5133C9-A90B-4002-9C7E-C81E67CD06C9}.Release|Any CPU.Build.0 = Release|Any CPU
		{52AFB613-D345-4B9E-8529-4E5F88B9BCB9}.Debug|Any CPU.ActiveCfg = Debug|Any CPU
		{52AFB613-D345-4B9E-8529-4E5F88B9BCB9}.Debug|Any CPU.Build.0 = Debug|Any CPU
		{52AFB613-D345-4B9E-8529-4E5F88B9BCB9}.Release|Any CPU.ActiveCfg = Release|Any CPU
		{52AFB613-D345-4B9E-8529-4E5F88B9BCB9}.Release|Any CPU.Build.0 = Release|Any CPU
		{F8E555B9-04A4-48EE-B61D-F983D83D4D33}.Debug|Any CPU.ActiveCfg = Debug|Any CPU
		{F8E555B9-04A4-48EE-B61D-F983D83D4D33}.Debug|Any CPU.Build.0 = Debug|Any CPU
		{F8E555B9-04A4-48EE-B61D-F983D83D4D33}.Release|Any CPU.ActiveCfg = Release|Any CPU
		{F8E555B9-04A4-48EE-B61D-F983D83D4D33}.Release|Any CPU.Build.0 = Release|Any CPU
		{8F9A3102-0653-4A5A-B1F9-C25576D06C54}.Debug|Any CPU.ActiveCfg = Debug|Any CPU
		{8F9A3102-0653-4A5A-B1F9-C25576D06C54}.Debug|Any CPU.Build.0 = Debug|Any CPU
		{8F9A3102-0653-4A5A-B1F9-C25576D06C54}.Release|Any CPU.ActiveCfg = Release|Any CPU
		{8F9A3102-0653-4A5A-B1F9-C25576D06C54}.Release|Any CPU.Build.0 = Release|Any CPU
		{CCD9B929-6879-4044-82C5-3A8C6413E629}.Debug|Any CPU.ActiveCfg = Debug|Any CPU
		{CCD9B929-6879-4044-82C5-3A8C6413E629}.Debug|Any CPU.Build.0 = Debug|Any CPU
		{CCD9B929-6879-4044-82C5-3A8C6413E629}.Release|Any CPU.ActiveCfg = Release|Any CPU
		{CCD9B929-6879-4044-82C5-3A8C6413E629}.Release|Any CPU.Build.0 = Release|Any CPU
		{A67D818F-3315-41E0-B555-A871617D8F5A}.Debug|Any CPU.ActiveCfg = Debug|Any CPU
		{A67D818F-3315-41E0-B555-A871617D8F5A}.Debug|Any CPU.Build.0 = Debug|Any CPU
		{A67D818F-3315-41E0-B555-A871617D8F5A}.Release|Any CPU.ActiveCfg = Release|Any CPU
		{A67D818F-3315-41E0-B555-A871617D8F5A}.Release|Any CPU.Build.0 = Release|Any CPU
		{67C7E836-F500-494D-AC84-9C54195E2B49}.Debug|Any CPU.ActiveCfg = Debug|Any CPU
		{67C7E836-F500-494D-AC84-9C54195E2B49}.Debug|Any CPU.Build.0 = Debug|Any CPU
		{67C7E836-F500-494D-AC84-9C54195E2B49}.Release|Any CPU.ActiveCfg = Release|Any CPU
		{67C7E836-F500-494D-AC84-9C54195E2B49}.Release|Any CPU.Build.0 = Release|Any CPU
		{5D6918ED-8020-4364-A360-295E95DEB0C5}.Debug|Any CPU.ActiveCfg = Debug|Any CPU
		{5D6918ED-8020-4364-A360-295E95DEB0C5}.Debug|Any CPU.Build.0 = Debug|Any CPU
		{5D6918ED-8020-4364-A360-295E95DEB0C5}.Release|Any CPU.ActiveCfg = Release|Any CPU
		{5D6918ED-8020-4364-A360-295E95DEB0C5}.Release|Any CPU.Build.0 = Release|Any CPU
		{980C3E2F-3ADD-4274-98CB-D87BA3005B35}.Debug|Any CPU.ActiveCfg = Debug|Any CPU
		{980C3E2F-3ADD-4274-98CB-D87BA3005B35}.Debug|Any CPU.Build.0 = Debug|Any CPU
		{980C3E2F-3ADD-4274-98CB-D87BA3005B35}.Release|Any CPU.ActiveCfg = Release|Any CPU
		{980C3E2F-3ADD-4274-98CB-D87BA3005B35}.Release|Any CPU.Build.0 = Release|Any CPU
		{807ECC6A-8B32-4F1D-BD4C-FFE6E86CAE9B}.Debug|Any CPU.ActiveCfg = Debug|Any CPU
		{807ECC6A-8B32-4F1D-BD4C-FFE6E86CAE9B}.Debug|Any CPU.Build.0 = Debug|Any CPU
		{807ECC6A-8B32-4F1D-BD4C-FFE6E86CAE9B}.Release|Any CPU.ActiveCfg = Release|Any CPU
		{807ECC6A-8B32-4F1D-BD4C-FFE6E86CAE9B}.Release|Any CPU.Build.0 = Release|Any CPU
		{0362A885-3272-4030-A47C-C1B0D3217501}.Debug|Any CPU.ActiveCfg = Debug|Any CPU
		{0362A885-3272-4030-A47C-C1B0D3217501}.Debug|Any CPU.Build.0 = Debug|Any CPU
		{0362A885-3272-4030-A47C-C1B0D3217501}.Release|Any CPU.ActiveCfg = Release|Any CPU
		{0362A885-3272-4030-A47C-C1B0D3217501}.Release|Any CPU.Build.0 = Release|Any CPU
		{77B9192E-4517-4049-8CCE-B7F1B8C91F18}.Debug|Any CPU.ActiveCfg = Debug|Any CPU
		{77B9192E-4517-4049-8CCE-B7F1B8C91F18}.Debug|Any CPU.Build.0 = Debug|Any CPU
		{77B9192E-4517-4049-8CCE-B7F1B8C91F18}.Release|Any CPU.ActiveCfg = Release|Any CPU
		{77B9192E-4517-4049-8CCE-B7F1B8C91F18}.Release|Any CPU.Build.0 = Release|Any CPU
		{7E3FAE83-7F62-48B8-B016-7AAA8BC01BAA}.Debug|Any CPU.ActiveCfg = Debug|Any CPU
		{7E3FAE83-7F62-48B8-B016-7AAA8BC01BAA}.Debug|Any CPU.Build.0 = Debug|Any CPU
		{7E3FAE83-7F62-48B8-B016-7AAA8BC01BAA}.Release|Any CPU.ActiveCfg = Release|Any CPU
		{7E3FAE83-7F62-48B8-B016-7AAA8BC01BAA}.Release|Any CPU.Build.0 = Release|Any CPU
		{23FDB668-2BB2-44D9-9264-A7E700F219AF}.Debug|Any CPU.ActiveCfg = Debug|Any CPU
		{23FDB668-2BB2-44D9-9264-A7E700F219AF}.Debug|Any CPU.Build.0 = Debug|Any CPU
		{23FDB668-2BB2-44D9-9264-A7E700F219AF}.Release|Any CPU.ActiveCfg = Release|Any CPU
		{23FDB668-2BB2-44D9-9264-A7E700F219AF}.Release|Any CPU.Build.0 = Release|Any CPU
		{3EE1DCDC-656A-45C4-94D2-7D5BADB8B840}.Debug|Any CPU.ActiveCfg = Debug|Any CPU
		{3EE1DCDC-656A-45C4-94D2-7D5BADB8B840}.Debug|Any CPU.Build.0 = Debug|Any CPU
		{3EE1DCDC-656A-45C4-94D2-7D5BADB8B840}.Release|Any CPU.ActiveCfg = Release|Any CPU
		{3EE1DCDC-656A-45C4-94D2-7D5BADB8B840}.Release|Any CPU.Build.0 = Release|Any CPU
		{DE5B4249-9CBD-421D-B827-202AF661EE79}.Debug|Any CPU.ActiveCfg = Debug|Any CPU
		{DE5B4249-9CBD-421D-B827-202AF661EE79}.Debug|Any CPU.Build.0 = Debug|Any CPU
		{DE5B4249-9CBD-421D-B827-202AF661EE79}.Release|Any CPU.ActiveCfg = Release|Any CPU
		{DE5B4249-9CBD-421D-B827-202AF661EE79}.Release|Any CPU.Build.0 = Release|Any CPU
		{2033D439-4985-485F-8AEB-86B3E0E8AAD0}.Debug|Any CPU.ActiveCfg = Debug|Any CPU
		{2033D439-4985-485F-8AEB-86B3E0E8AAD0}.Debug|Any CPU.Build.0 = Debug|Any CPU
		{2033D439-4985-485F-8AEB-86B3E0E8AAD0}.Release|Any CPU.ActiveCfg = Release|Any CPU
		{2033D439-4985-485F-8AEB-86B3E0E8AAD0}.Release|Any CPU.Build.0 = Release|Any CPU
		{912F9877-44A7-48FE-98C0-21743B2120C2}.Debug|Any CPU.ActiveCfg = Debug|Any CPU
		{912F9877-44A7-48FE-98C0-21743B2120C2}.Debug|Any CPU.Build.0 = Debug|Any CPU
		{912F9877-44A7-48FE-98C0-21743B2120C2}.Release|Any CPU.ActiveCfg = Release|Any CPU
		{912F9877-44A7-48FE-98C0-21743B2120C2}.Release|Any CPU.Build.0 = Release|Any CPU
		{1410A9ED-D7CA-46FC-A044-BF468BF1B663}.Debug|Any CPU.ActiveCfg = Debug|Any CPU
		{1410A9ED-D7CA-46FC-A044-BF468BF1B663}.Debug|Any CPU.Build.0 = Debug|Any CPU
		{1410A9ED-D7CA-46FC-A044-BF468BF1B663}.Release|Any CPU.ActiveCfg = Release|Any CPU
		{1410A9ED-D7CA-46FC-A044-BF468BF1B663}.Release|Any CPU.Build.0 = Release|Any CPU
		{14B0CF34-649A-4E4B-9F3D-CDC408E1E1CE}.Debug|Any CPU.ActiveCfg = Debug|Any CPU
		{14B0CF34-649A-4E4B-9F3D-CDC408E1E1CE}.Debug|Any CPU.Build.0 = Debug|Any CPU
		{14B0CF34-649A-4E4B-9F3D-CDC408E1E1CE}.Release|Any CPU.ActiveCfg = Release|Any CPU
		{14B0CF34-649A-4E4B-9F3D-CDC408E1E1CE}.Release|Any CPU.Build.0 = Release|Any CPU
		{69DFC51D-8AA4-439F-958D-A495114A11BC}.Debug|Any CPU.ActiveCfg = Debug|Any CPU
		{69DFC51D-8AA4-439F-958D-A495114A11BC}.Debug|Any CPU.Build.0 = Debug|Any CPU
		{69DFC51D-8AA4-439F-958D-A495114A11BC}.Release|Any CPU.ActiveCfg = Release|Any CPU
		{69DFC51D-8AA4-439F-958D-A495114A11BC}.Release|Any CPU.Build.0 = Release|Any CPU
		{C20A249B-68D6-44AE-B1A7-6A4B32882F11}.Debug|Any CPU.ActiveCfg = Debug|Any CPU
		{C20A249B-68D6-44AE-B1A7-6A4B32882F11}.Debug|Any CPU.Build.0 = Debug|Any CPU
		{C20A249B-68D6-44AE-B1A7-6A4B32882F11}.Release|Any CPU.ActiveCfg = Release|Any CPU
		{C20A249B-68D6-44AE-B1A7-6A4B32882F11}.Release|Any CPU.Build.0 = Release|Any CPU
		{0E7B187F-E07A-42AB-BAF3-5219042FDEDC}.Debug|Any CPU.ActiveCfg = Debug|Any CPU
		{0E7B187F-E07A-42AB-BAF3-5219042FDEDC}.Debug|Any CPU.Build.0 = Debug|Any CPU
		{0E7B187F-E07A-42AB-BAF3-5219042FDEDC}.Release|Any CPU.ActiveCfg = Release|Any CPU
		{0E7B187F-E07A-42AB-BAF3-5219042FDEDC}.Release|Any CPU.Build.0 = Release|Any CPU
	EndGlobalSection
	GlobalSection(SolutionProperties) = preSolution
		HideSolutionNode = FALSE
	EndGlobalSection
	GlobalSection(NestedProjects) = preSolution
		{BEB87259-C9E1-41F5-99E6-56885D8C4210} = {0FD0D3ED-6214-4029-825F-1B4E67FC9EF1}
		{F5AAF2E0-51F5-4C71-9F69-B11E58900136} = {0FD0D3ED-6214-4029-825F-1B4E67FC9EF1}
		{60F770D9-148F-40CD-928A-A9EE0E9DF0CF} = {0FD0D3ED-6214-4029-825F-1B4E67FC9EF1}
		{3A5AA190-54BF-4A08-8FF8-34846ADBCA43} = {0FD0D3ED-6214-4029-825F-1B4E67FC9EF1}
		{42FCCF10-CE15-4CD2-8897-924F76A75686} = {0FD0D3ED-6214-4029-825F-1B4E67FC9EF1}
		{06E402AE-747C-4A5B-8ABE-E5CFBA652B8C} = {0FD0D3ED-6214-4029-825F-1B4E67FC9EF1}
		{3CAFEE9F-0CF7-4E31-8F37-B7F3A01FC654} = {0FD0D3ED-6214-4029-825F-1B4E67FC9EF1}
		{89D2A0A0-2422-46A2-A38F-7FF96235490F} = {0FD0D3ED-6214-4029-825F-1B4E67FC9EF1}
		{9C0B836D-5D47-4403-8A61-1723EF907C32} = {0FD0D3ED-6214-4029-825F-1B4E67FC9EF1}
		{3EFDE5BB-1721-46B9-ADCF-97224DAA94A6} = {0FD0D3ED-6214-4029-825F-1B4E67FC9EF1}
		{421A4189-72C1-407B-B478-604FC2878646} = {0FD0D3ED-6214-4029-825F-1B4E67FC9EF1}
		{7DDB1378-0815-4115-866F-CE04F7C1C067} = {0FD0D3ED-6214-4029-825F-1B4E67FC9EF1}
		{945CDF55-6B80-4618-AFB1-18734456A96E} = {0FD0D3ED-6214-4029-825F-1B4E67FC9EF1}
		{2EFB94BF-05F5-448A-9F30-175BD7D96400} = {0FD0D3ED-6214-4029-825F-1B4E67FC9EF1}
		{7653E207-0F4C-432C-9262-1BD2FFACF811} = {0FD0D3ED-6214-4029-825F-1B4E67FC9EF1}
		{2D484E04-D489-4D22-AB90-25DE24EBFE3D} = {BEB87259-C9E1-41F5-99E6-56885D8C4210}
		{22384865-0148-43D2-98B3-68637A9A399F} = {BEB87259-C9E1-41F5-99E6-56885D8C4210}
		{72501880-A990-40D4-AEF5-E6154C34DC3A} = {BEB87259-C9E1-41F5-99E6-56885D8C4210}
		{D0E3A3B1-BEBC-4092-81F6-06EBB154614A} = {BEB87259-C9E1-41F5-99E6-56885D8C4210}
		{7AE204B5-5029-44BE-82FB-3D289F916887} = {7653E207-0F4C-432C-9262-1BD2FFACF811}
		{7A3B9C71-5FF1-4D87-8D12-E293441F0D06} = {7653E207-0F4C-432C-9262-1BD2FFACF811}
		{F25953EA-8813-42C6-BDAF-3A8E014B24EA} = {7653E207-0F4C-432C-9262-1BD2FFACF811}
		{235C2B6F-4E6B-48F2-841A-8A8C733060ED} = {7653E207-0F4C-432C-9262-1BD2FFACF811}
		{E9DC98EC-82AD-4251-9D66-D2208D36B37B} = {F25953EA-8813-42C6-BDAF-3A8E014B24EA}
		{49A2C104-73E6-47D7-9820-B3BA613F2D3A} = {235C2B6F-4E6B-48F2-841A-8A8C733060ED}
		{82E4EEA4-20A1-4799-B04D-D9BC91B82472} = {F5AAF2E0-51F5-4C71-9F69-B11E58900136}
		{EE64CBE1-C022-49CF-91F4-217C6EA056D5} = {F5AAF2E0-51F5-4C71-9F69-B11E58900136}
		{F30018EA-65D0-4FE0-8CC4-7A423A35B55F} = {F5AAF2E0-51F5-4C71-9F69-B11E58900136}
		{6C629E64-BF4F-44D3-AD76-D908DD87E140} = {F5AAF2E0-51F5-4C71-9F69-B11E58900136}
		{9E9F99FD-F762-4D00-8B7D-0B185DE96DF8} = {EE64CBE1-C022-49CF-91F4-217C6EA056D5}
		{2275CB51-E377-48C9-9561-6720CA1DC797} = {60F770D9-148F-40CD-928A-A9EE0E9DF0CF}
		{3758076E-042C-42E8-B2D1-F5AF9229607E} = {60F770D9-148F-40CD-928A-A9EE0E9DF0CF}
		{5095EBED-69EE-40F6-B14E-822892CBE3E5} = {60F770D9-148F-40CD-928A-A9EE0E9DF0CF}
		{791E9E29-0851-4197-8886-8E5CFC952EFE} = {60F770D9-148F-40CD-928A-A9EE0E9DF0CF}
		{46C683E7-852F-43B7-A6EF-37819E8ABEEB} = {60F770D9-148F-40CD-928A-A9EE0E9DF0CF}
		{E2355536-17B2-4627-801C-0F786B534B0A} = {3758076E-042C-42E8-B2D1-F5AF9229607E}
		{D065205A-4571-4277-8293-080F74609DB5} = {3758076E-042C-42E8-B2D1-F5AF9229607E}
		{CE6C7860-AD1E-4666-8DB7-06A53BA918D1} = {3758076E-042C-42E8-B2D1-F5AF9229607E}
		{2AFB47FB-64CB-4F96-863C-DAA39C5751A8} = {3758076E-042C-42E8-B2D1-F5AF9229607E}
		{ED75E57E-1D57-4527-97FA-2C80C1E7058B} = {5095EBED-69EE-40F6-B14E-822892CBE3E5}
		{792D6CEF-6E1D-4FFC-AB9C-58BBE0BC63EB} = {5095EBED-69EE-40F6-B14E-822892CBE3E5}
		{F00D3A59-D15A-4F70-B219-3962B63BF6AE} = {5095EBED-69EE-40F6-B14E-822892CBE3E5}
		{533B40B2-1B34-49F5-BA41-3CC692AFD559} = {2275CB51-E377-48C9-9561-6720CA1DC797}
		{C095D01C-0269-4261-9ADD-61A499B4E190} = {2275CB51-E377-48C9-9561-6720CA1DC797}
		{C749AE79-B304-4E54-B8A2-80B15840E6F7} = {945CDF55-6B80-4618-AFB1-18734456A96E}
		{D6D76B90-C33C-4285-9EB5-9C00E0B08F98} = {945CDF55-6B80-4618-AFB1-18734456A96E}
		{5C4CF706-D61A-411F-ADF6-A0E35BCFA708} = {945CDF55-6B80-4618-AFB1-18734456A96E}
		{6D8BE87E-1825-42C1-95DF-E3073C444226} = {7DDB1378-0815-4115-866F-CE04F7C1C067}
		{FE93364E-0260-4BA2-A4D0-2B905949605D} = {7DDB1378-0815-4115-866F-CE04F7C1C067}
		{C725EA3D-D2A3-47E5-A742-B0ADF9A8DE50} = {7DDB1378-0815-4115-866F-CE04F7C1C067}
		{0D9EB500-F65B-440E-A1CD-3EFF1CAFEB0E} = {FE93364E-0260-4BA2-A4D0-2B905949605D}
		{497D2766-3718-4E96-A9CB-950B3457396B} = {6D8BE87E-1825-42C1-95DF-E3073C444226}
		{687C9231-09CE-496A-A29F-FE0DACED5E89} = {C749AE79-B304-4E54-B8A2-80B15840E6F7}
		{64E19F53-1F86-4E6A-9B3B-F023D1E7FE12} = {D6D76B90-C33C-4285-9EB5-9C00E0B08F98}
		{90737B3C-B712-487C-8377-920F6A97847E} = {2EFB94BF-05F5-448A-9F30-175BD7D96400}
		{C17B5BFD-D407-408D-AE86-9854BEAD910C} = {2EFB94BF-05F5-448A-9F30-175BD7D96400}
		{A08255E5-92E9-45ED-94DA-0FDF2329925F} = {2EFB94BF-05F5-448A-9F30-175BD7D96400}
		{DAB47855-41D4-4FDA-BA21-B1ED08C18F01} = {90737B3C-B712-487C-8377-920F6A97847E}
		{574402EA-DFB4-4DCF-8181-F5AF17558510} = {2EFB94BF-05F5-448A-9F30-175BD7D96400}
		{88AFCDF8-6BD9-46B4-9BA8-6724A0C2F3F6} = {7DDB1378-0815-4115-866F-CE04F7C1C067}
		{B3C3230C-A881-49CD-A8D2-8F000AB94BBB} = {945CDF55-6B80-4618-AFB1-18734456A96E}
		{6F977816-0AD0-4D55-BBFF-65F545FFAAA4} = {42FCCF10-CE15-4CD2-8897-924F76A75686}
		{B386F3FC-9736-43B1-A1F9-2193C733771A} = {42FCCF10-CE15-4CD2-8897-924F76A75686}
		{E4E64900-3E49-454D-9760-967AE3C0B557} = {42FCCF10-CE15-4CD2-8897-924F76A75686}
		{947114A7-6105-4D5D-A984-EBDD37BF29DA} = {42FCCF10-CE15-4CD2-8897-924F76A75686}
		{06CDE695-CF5D-4444-96B3-29507B6A8831} = {6F977816-0AD0-4D55-BBFF-65F545FFAAA4}
		{C59EC3F8-711C-47E6-B7EA-677FCE178A4A} = {82E4EEA4-20A1-4799-B04D-D9BC91B82472}
		{9606B392-7FC6-423B-9664-F78AFFDE0CA3} = {3EFDE5BB-1721-46B9-ADCF-97224DAA94A6}
		{3EA70EE7-9706-442B-81B8-1519D11B9196} = {3EFDE5BB-1721-46B9-ADCF-97224DAA94A6}
		{F096912A-9925-4112-9FE8-5A982845E3FC} = {3EFDE5BB-1721-46B9-ADCF-97224DAA94A6}
		{3422B1DE-7E14-412C-93CE-4FF893A84BF7} = {06E402AE-747C-4A5B-8ABE-E5CFBA652B8C}
		{9C7711DD-8AEA-4C2F-B876-E8D90789265B} = {06E402AE-747C-4A5B-8ABE-E5CFBA652B8C}
		{E9BB6759-7437-462E-AC0A-99634C2E4273} = {06E402AE-747C-4A5B-8ABE-E5CFBA652B8C}
		{7886ED23-B0B9-4DC0-80B1-C72B82F27A9A} = {06E402AE-747C-4A5B-8ABE-E5CFBA652B8C}
		{EC26D9A0-0DDE-4C2D-9907-674FBF4CDC15} = {9C0B836D-5D47-4403-8A61-1723EF907C32}
		{6E3F8AEA-6196-4E7D-B330-785B20C5000E} = {9C0B836D-5D47-4403-8A61-1723EF907C32}
		{4BFEF8F0-2F02-4EAE-AE10-35FDDC4665B9} = {9C0B836D-5D47-4403-8A61-1723EF907C32}
		{41D66E26-035B-4F19-9557-99A23D5549BD} = {9C0B836D-5D47-4403-8A61-1723EF907C32}
		{164772AA-CB5C-4F3D-9C47-9F41B85886AE} = {E4E64900-3E49-454D-9760-967AE3C0B557}
		{16ED7846-1EDF-48D3-9C34-7F5F8D18E02E} = {9606B392-7FC6-423B-9664-F78AFFDE0CA3}
		{97D500A8-5998-4C1F-9915-18DD2D02CFE9} = {F096912A-9925-4112-9FE8-5A982845E3FC}
		{CA52A049-2345-4F2E-9204-205E357F4FA6} = {3EFDE5BB-1721-46B9-ADCF-97224DAA94A6}
		{F5E4EAED-5AAE-4D2B-8F19-1303502A37F0} = {3422B1DE-7E14-412C-93CE-4FF893A84BF7}
		{FA5CCF83-EBF1-40B0-89A4-FFCF5DC9C2FE} = {3422B1DE-7E14-412C-93CE-4FF893A84BF7}
		{A5BCF5F7-FF16-44A9-B030-1E223C0FEDEB} = {3422B1DE-7E14-412C-93CE-4FF893A84BF7}
		{85111686-303C-406B-A819-03F35E58937D} = {3422B1DE-7E14-412C-93CE-4FF893A84BF7}
		{F14ED069-6A23-422F-8BE6-46128852A7D7} = {3422B1DE-7E14-412C-93CE-4FF893A84BF7}
		{6F79266A-4D18-40A0-B21D-BA9FAA3880CC} = {3422B1DE-7E14-412C-93CE-4FF893A84BF7}
		{62FAEAE4-250A-41D6-BF11-74B67387798E} = {421A4189-72C1-407B-B478-604FC2878646}
		{D0BE906D-B2C3-4166-93AF-5874BDD4154B} = {421A4189-72C1-407B-B478-604FC2878646}
		{53EA8CA4-26B0-43F2-B62C-ECF9B741AB25} = {421A4189-72C1-407B-B478-604FC2878646}
		{15769742-D778-4971-903D-212E1CB68714} = {421A4189-72C1-407B-B478-604FC2878646}
		{781A75CD-C066-484A-9972-B076FD9DFA5F} = {3CAFEE9F-0CF7-4E31-8F37-B7F3A01FC654}
		{A705426E-3828-4621-AA4B-5BD8CE92F00B} = {3CAFEE9F-0CF7-4E31-8F37-B7F3A01FC654}
		{DD4A570E-01FC-4550-97D8-5F0FDE040B14} = {3CAFEE9F-0CF7-4E31-8F37-B7F3A01FC654}
		{B3C51B11-4A3F-4714-A6ED-AFACDEFBA23B} = {3CAFEE9F-0CF7-4E31-8F37-B7F3A01FC654}
		{6BEDBF5B-9C60-4E1A-ACD8-F409B86C3009} = {3A5AA190-54BF-4A08-8FF8-34846ADBCA43}
		{C92B4CF5-011A-4B05-A49F-6E66CFE6B737} = {3A5AA190-54BF-4A08-8FF8-34846ADBCA43}
		{1A7B8D97-49D5-48C2-9F23-688A94BBA52D} = {3A5AA190-54BF-4A08-8FF8-34846ADBCA43}
		{2A8A56CF-D397-4785-A96F-59C7C6E482DF} = {3A5AA190-54BF-4A08-8FF8-34846ADBCA43}
		{545C55AB-C4B2-4DC5-B5BF-7F0D2F0B9D59} = {89D2A0A0-2422-46A2-A38F-7FF96235490F}
		{E17E505C-01BD-4968-9BCF-161C843E2F47} = {89D2A0A0-2422-46A2-A38F-7FF96235490F}
		{0780605A-C864-4A3F-A4DF-701C59C88C10} = {89D2A0A0-2422-46A2-A38F-7FF96235490F}
		{17955E1B-F49B-4109-A33E-E61FF93A1A08} = {89D2A0A0-2422-46A2-A38F-7FF96235490F}
		{1B541B3B-A461-4C76-AB3F-9C5E719AF243} = {2D484E04-D489-4D22-AB90-25DE24EBFE3D}
		{887106B1-9E69-48A9-8216-7E317BA66A2D} = {2D484E04-D489-4D22-AB90-25DE24EBFE3D}
		{C2F98FFD-759C-4627-BE65-7728694D1498} = {2D484E04-D489-4D22-AB90-25DE24EBFE3D}
		{4CCCB07F-933A-421B-922B-F008F6F928FC} = {2D484E04-D489-4D22-AB90-25DE24EBFE3D}
		{1A5133C9-A90B-4002-9C7E-C81E67CD06C9} = {2D484E04-D489-4D22-AB90-25DE24EBFE3D}
		{52AFB613-D345-4B9E-8529-4E5F88B9BCB9} = {2D484E04-D489-4D22-AB90-25DE24EBFE3D}
		{F8E555B9-04A4-48EE-B61D-F983D83D4D33} = {2D484E04-D489-4D22-AB90-25DE24EBFE3D}
		{8F9A3102-0653-4A5A-B1F9-C25576D06C54} = {6BEDBF5B-9C60-4E1A-ACD8-F409B86C3009}
		{CCD9B929-6879-4044-82C5-3A8C6413E629} = {2A8A56CF-D397-4785-A96F-59C7C6E482DF}
		{A67D818F-3315-41E0-B555-A871617D8F5A} = {781A75CD-C066-484A-9972-B076FD9DFA5F}
		{67C7E836-F500-494D-AC84-9C54195E2B49} = {62FAEAE4-250A-41D6-BF11-74B67387798E}
		{5D6918ED-8020-4364-A360-295E95DEB0C5} = {62FAEAE4-250A-41D6-BF11-74B67387798E}
		{980C3E2F-3ADD-4274-98CB-D87BA3005B35} = {545C55AB-C4B2-4DC5-B5BF-7F0D2F0B9D59}
		{807ECC6A-8B32-4F1D-BD4C-FFE6E86CAE9B} = {F25953EA-8813-42C6-BDAF-3A8E014B24EA}
		{0362A885-3272-4030-A47C-C1B0D3217501} = {EC26D9A0-0DDE-4C2D-9907-674FBF4CDC15}
		{77B9192E-4517-4049-8CCE-B7F1B8C91F18} = {EC26D9A0-0DDE-4C2D-9907-674FBF4CDC15}
		{7E3FAE83-7F62-48B8-B016-7AAA8BC01BAA} = {EC26D9A0-0DDE-4C2D-9907-674FBF4CDC15}
		{23FDB668-2BB2-44D9-9264-A7E700F219AF} = {EC26D9A0-0DDE-4C2D-9907-674FBF4CDC15}
		{3EE1DCDC-656A-45C4-94D2-7D5BADB8B840} = {EC26D9A0-0DDE-4C2D-9907-674FBF4CDC15}
		{DE5B4249-9CBD-421D-B827-202AF661EE79} = {6BEDBF5B-9C60-4E1A-ACD8-F409B86C3009}
		{2033D439-4985-485F-8AEB-86B3E0E8AAD0} = {6BEDBF5B-9C60-4E1A-ACD8-F409B86C3009}
		{912F9877-44A7-48FE-98C0-21743B2120C2} = {9606B392-7FC6-423B-9664-F78AFFDE0CA3}
		{1410A9ED-D7CA-46FC-A044-BF468BF1B663} = {6B0C8BA2-B684-4317-AD21-358E2B082E84}
		{14B0CF34-649A-4E4B-9F3D-CDC408E1E1CE} = {41D66E26-035B-4F19-9557-99A23D5549BD}
		{69DFC51D-8AA4-439F-958D-A495114A11BC} = {6BEDBF5B-9C60-4E1A-ACD8-F409B86C3009}
		{C20A249B-68D6-44AE-B1A7-6A4B32882F11} = {6BEDBF5B-9C60-4E1A-ACD8-F409B86C3009}
		{1D6645A0-2632-4AE3-B9D7-0073AE626882} = {60F770D9-148F-40CD-928A-A9EE0E9DF0CF}
		{0E7B187F-E07A-42AB-BAF3-5219042FDEDC} = {6D8BE87E-1825-42C1-95DF-E3073C444226}
	EndGlobalSection
	GlobalSection(ExtensibilityGlobals) = postSolution
		SolutionGuid = {FCCF2D81-2E3A-4508-918E-048D800EABE8}
	EndGlobalSection
EndGlobal
